
Microsoft Visual Studio Solution File, Format Version 12.00
# Visual Studio 14
VisualStudioVersion = 14.0.23107.0
MinimumVisualStudioVersion = 10.0.40219.1
Project("{2150E333-8FDC-42A3-9474-1A3956D46DE8}") = "Engine Projects", "Engine Projects", "{80F1108A-040C-4D85-9FB9-AF9CAD2E183E}"
EndProject
Project("{8BC9CEB8-8B4A-11D0-8D11-00A0C91BC942}") = "ContentConverter", "Engine\ContentConverter.vcxproj", "{25AEF9DE-5353-4931-80E4-90E61B15B9A1}"
EndProject
Project("{8BC9CEB8-8B4A-11D0-8D11-00A0C91BC942}") = "ContentConverterStandalone", "Engine\ContentConverterStandalone.vcxproj", "{DB738211-B5AB-44CE-90BA-160F6262CF01}"
EndProject
Project("{8BC9CEB8-8B4A-11D0-8D11-00A0C91BC942}") = "Core", "Engine\Core.vcxproj", "{EF58423D-A088-4EF2-81DB-0B4B04184ED0}"
EndProject
Project("{8BC9CEB8-8B4A-11D0-8D11-00A0C91BC942}") = "D3D11Renderer", "Engine\D3D11Renderer.vcxproj", "{99336339-33AF-4057-90C6-BF13CABFA522}"
EndProject
Project("{8BC9CEB8-8B4A-11D0-8D11-00A0C91BC942}") = "Engine", "Engine\Engine.vcxproj", "{CCDF1982-A135-4826-8DB2-7AB5011CCD41}"
EndProject
Project("{8BC9CEB8-8B4A-11D0-8D11-00A0C91BC942}") = "MapCompiler", "Engine\MapCompiler.vcxproj", "{E8305549-A273-4D0E-9505-09862176E389}"
EndProject
Project("{8BC9CEB8-8B4A-11D0-8D11-00A0C91BC942}") = "OpenGLRenderer", "Engine\OpenGLRenderer.vcxproj", "{A09B416C-453D-49B1-A555-19BBB8F1F916}"
EndProject
Project("{8BC9CEB8-8B4A-11D0-8D11-00A0C91BC942}") = "ResourceCompiler", "Engine\ResourceCompiler.vcxproj", "{6E5AC457-2EC0-4F50-99FE-7C3DBAFE5E26}"
EndProject
Project("{8BC9CEB8-8B4A-11D0-8D11-00A0C91BC942}") = "MapCompilerStandalone", "Engine\MapCompilerStandalone.vcxproj", "{383C5BCD-A5D1-402A-95AB-C3D8CC45E3F2}"
EndProject
Project("{8BC9CEB8-8B4A-11D0-8D11-00A0C91BC942}") = "ResourceCompilerStandalone", "Engine\ResourceCompilerStandalone.vcxproj", "{2EC41F1F-10C7-4B0C-9019-D606232D5DBD}"
EndProject
Project("{8BC9CEB8-8B4A-11D0-8D11-00A0C91BC942}") = "bullet", "Engine\Dependancies\bullet.vcxproj", "{908EB209-17F4-49DB-B1EE-37DE5BDD4BFD}"
EndProject
Project("{8BC9CEB8-8B4A-11D0-8D11-00A0C91BC942}") = "squish", "Engine\Dependancies\squish.vcxproj", "{9974D321-042E-4E56-8924-AD0B2F94091B}"
EndProject
Project("{2150E333-8FDC-42A3-9474-1A3956D46DE8}") = "Engine Dependancies", "Engine Dependancies", "{82691179-21C8-4DA4-B411-3E7E4A7E9C5E}"
EndProject
Project("{8BC9CEB8-8B4A-11D0-8D11-00A0C91BC942}") = "SFMT", "Engine\Dependancies\SFMT.vcxproj", "{39A9B3A9-6ADD-4908-9D7E-ABE5F7CE96E0}"
EndProject
Project("{8BC9CEB8-8B4A-11D0-8D11-00A0C91BC942}") = "lua", "Engine\Dependancies\lua.vcxproj", "{B030AB6D-360C-4C38-9DC1-85AF836757C3}"
EndProject
Project("{8BC9CEB8-8B4A-11D0-8D11-00A0C91BC942}") = "BlockEngine", "Engine\BlockEngine.vcxproj", "{3117C755-547A-45F4-AEB6-750BE4C299C2}"
EndProject
Project("{8BC9CEB8-8B4A-11D0-8D11-00A0C91BC942}") = "libfif", "Engine\Dependancies\libfif.vcxproj", "{A9E47AF4-2A59-4E54-ACE0-BD7DA0AF7CC7}"
EndProject
Project("{8BC9CEB8-8B4A-11D0-8D11-00A0C91BC942}") = "OpenGLES2Renderer", "Engine\OpenGLESRenderer.vcxproj", "{FA5DE2CC-3E5B-4D2F-9BFB-96FD276A2E87}"
EndProject
Project("{8BC9CEB8-8B4A-11D0-8D11-00A0C91BC942}") = "glad", "Engine\Dependancies\glad.vcxproj", "{5CF363C0-9201-4316-9033-8A905AA49547}"
EndProject
Project("{8BC9CEB8-8B4A-11D0-8D11-00A0C91BC942}") = "BaseGame", "Engine\BaseGame.vcxproj", "{D49A1B83-39B0-43F0-A7F4-B3E7E156342D}"
EndProject
Project("{8BC9CEB8-8B4A-11D0-8D11-00A0C91BC942}") = "ResourceCompilerInterface", "Engine\ResourceCompilerInterface.vcxproj", "{46D10782-4194-4188-B196-C712F15F3B58}"
EndProject
Project("{8BC9CEB8-8B4A-11D0-8D11-00A0C91BC942}") = "imgui", "Engine\Dependancies\imgui.vcxproj", "{CC0D5FEF-3610-4494-BC8E-93CE90B40A80}"
EndProject
Project("{8BC9CEB8-8B4A-11D0-8D11-00A0C91BC942}") = "MathLib", "Engine\MathLib.vcxproj", "{A30AE7C5-FB84-4021-80C2-8CB02EFD12C5}"
EndProject
Project("{8BC9CEB8-8B4A-11D0-8D11-00A0C91BC942}") = "YBaseLib", "Engine\Dependancies\YBaseLib.vcxproj", "{D05B6E35-3C9F-45FC-B294-EF56D3DA7EAF}"
EndProject
Project("{8BC9CEB8-8B4A-11D0-8D11-00A0C91BC942}") = "GameFramework", "Engine\GameFramework.vcxproj", "{C5A87FD5-B615-498A-AA4B-38F1EF997D9D}"
EndProject
Project("{8BC9CEB8-8B4A-11D0-8D11-00A0C91BC942}") = "Renderer", "Engine\Renderer.vcxproj", "{C5EF4BE8-393A-4235-BB52-FA771C492ECB}"
EndProject
Project("{8BC9CEB8-8B4A-11D0-8D11-00A0C91BC942}") = "HLSLTranslator", "Engine\Dependancies\HLSLTranslator.vcxproj", "{EB5F8093-B994-4088-B019-D8506CCF159A}"
EndProject
Project("{8BC9CEB8-8B4A-11D0-8D11-00A0C91BC942}") = "D3D12Renderer", "Engine\D3D12Renderer.vcxproj", "{6450EC50-691A-4BD9-A17A-B5C7CEAD8F5E}"
EndProject
Project("{8BC9CEB8-8B4A-11D0-8D11-00A0C91BC942}") = "Tests", "Tests\Tests.vcxproj", "{E6598D02-4D12-42D8-AE9C-3D1C7E7C0A88}"
EndProject
Project("{8BC9CEB8-8B4A-11D0-8D11-00A0C91BC942}") = "BlockGame", "BlockGame\BlockGame.vcxproj", "{C28A48E4-3754-48F5-9F57-A9CBB417D45D}"
EndProject
Project("{8BC9CEB8-8B4A-11D0-8D11-00A0C91BC942}") = "DemoGame", "DemoGame\DemoGame.vcxproj", "{8A7AB4C0-2B21-4B29-88AA-D638197C7EDF}"
EndProject
Project("{8BC9CEB8-8B4A-11D0-8D11-00A0C91BC942}") = "TestGame", "TestGame\TestGame.vcxproj", "{8BA7A614-EA64-4591-9119-4DB1E10B4AAC}"
EndProject
Global
	GlobalSection(SolutionConfigurationPlatforms) = preSolution
		Debug|Win32 = Debug|Win32
		Debug|x64 = Debug|x64
		DebugFast|Win32 = DebugFast|Win32
		DebugFast|x64 = DebugFast|x64
		Release|Win32 = Release|Win32
		Release|x64 = Release|x64
		Shipping|Win32 = Shipping|Win32
		Shipping|x64 = Shipping|x64
	EndGlobalSection
	GlobalSection(ProjectConfigurationPlatforms) = postSolution
		{25AEF9DE-5353-4931-80E4-90E61B15B9A1}.Debug|Win32.ActiveCfg = Debug|Win32
		{25AEF9DE-5353-4931-80E4-90E61B15B9A1}.Debug|Win32.Build.0 = Debug|Win32
		{25AEF9DE-5353-4931-80E4-90E61B15B9A1}.Debug|x64.ActiveCfg = Debug|x64
		{25AEF9DE-5353-4931-80E4-90E61B15B9A1}.Debug|x64.Build.0 = Debug|x64
		{25AEF9DE-5353-4931-80E4-90E61B15B9A1}.DebugFast|Win32.ActiveCfg = DebugFast|Win32
		{25AEF9DE-5353-4931-80E4-90E61B15B9A1}.DebugFast|Win32.Build.0 = DebugFast|Win32
		{25AEF9DE-5353-4931-80E4-90E61B15B9A1}.DebugFast|x64.ActiveCfg = DebugFast|x64
		{25AEF9DE-5353-4931-80E4-90E61B15B9A1}.DebugFast|x64.Build.0 = DebugFast|x64
		{25AEF9DE-5353-4931-80E4-90E61B15B9A1}.Release|Win32.ActiveCfg = Release|Win32
		{25AEF9DE-5353-4931-80E4-90E61B15B9A1}.Release|Win32.Build.0 = Release|Win32
		{25AEF9DE-5353-4931-80E4-90E61B15B9A1}.Release|x64.ActiveCfg = Release|x64
		{25AEF9DE-5353-4931-80E4-90E61B15B9A1}.Release|x64.Build.0 = Release|x64
		{25AEF9DE-5353-4931-80E4-90E61B15B9A1}.Shipping|Win32.ActiveCfg = Shipping|Win32
		{25AEF9DE-5353-4931-80E4-90E61B15B9A1}.Shipping|Win32.Build.0 = Shipping|Win32
		{25AEF9DE-5353-4931-80E4-90E61B15B9A1}.Shipping|x64.ActiveCfg = Shipping|x64
		{25AEF9DE-5353-4931-80E4-90E61B15B9A1}.Shipping|x64.Build.0 = Shipping|x64
		{DB738211-B5AB-44CE-90BA-160F6262CF01}.Debug|Win32.ActiveCfg = Debug|Win32
		{DB738211-B5AB-44CE-90BA-160F6262CF01}.Debug|Win32.Build.0 = Debug|Win32
		{DB738211-B5AB-44CE-90BA-160F6262CF01}.Debug|x64.ActiveCfg = Debug|x64
		{DB738211-B5AB-44CE-90BA-160F6262CF01}.Debug|x64.Build.0 = Debug|x64
		{DB738211-B5AB-44CE-90BA-160F6262CF01}.DebugFast|Win32.ActiveCfg = DebugFast|Win32
		{DB738211-B5AB-44CE-90BA-160F6262CF01}.DebugFast|Win32.Build.0 = DebugFast|Win32
		{DB738211-B5AB-44CE-90BA-160F6262CF01}.DebugFast|x64.ActiveCfg = DebugFast|x64
		{DB738211-B5AB-44CE-90BA-160F6262CF01}.DebugFast|x64.Build.0 = DebugFast|x64
		{DB738211-B5AB-44CE-90BA-160F6262CF01}.Release|Win32.ActiveCfg = Release|Win32
		{DB738211-B5AB-44CE-90BA-160F6262CF01}.Release|Win32.Build.0 = Release|Win32
		{DB738211-B5AB-44CE-90BA-160F6262CF01}.Release|x64.ActiveCfg = Release|x64
		{DB738211-B5AB-44CE-90BA-160F6262CF01}.Release|x64.Build.0 = Release|x64
		{DB738211-B5AB-44CE-90BA-160F6262CF01}.Shipping|Win32.ActiveCfg = Shipping|Win32
		{DB738211-B5AB-44CE-90BA-160F6262CF01}.Shipping|Win32.Build.0 = Shipping|Win32
		{DB738211-B5AB-44CE-90BA-160F6262CF01}.Shipping|x64.ActiveCfg = Shipping|x64
		{DB738211-B5AB-44CE-90BA-160F6262CF01}.Shipping|x64.Build.0 = Shipping|x64
		{EF58423D-A088-4EF2-81DB-0B4B04184ED0}.Debug|Win32.ActiveCfg = Debug|Win32
		{EF58423D-A088-4EF2-81DB-0B4B04184ED0}.Debug|Win32.Build.0 = Debug|Win32
		{EF58423D-A088-4EF2-81DB-0B4B04184ED0}.Debug|x64.ActiveCfg = Debug|x64
		{EF58423D-A088-4EF2-81DB-0B4B04184ED0}.Debug|x64.Build.0 = Debug|x64
		{EF58423D-A088-4EF2-81DB-0B4B04184ED0}.DebugFast|Win32.ActiveCfg = DebugFast|Win32
		{EF58423D-A088-4EF2-81DB-0B4B04184ED0}.DebugFast|Win32.Build.0 = DebugFast|Win32
		{EF58423D-A088-4EF2-81DB-0B4B04184ED0}.DebugFast|x64.ActiveCfg = DebugFast|x64
		{EF58423D-A088-4EF2-81DB-0B4B04184ED0}.DebugFast|x64.Build.0 = DebugFast|x64
		{EF58423D-A088-4EF2-81DB-0B4B04184ED0}.Release|Win32.ActiveCfg = Release|Win32
		{EF58423D-A088-4EF2-81DB-0B4B04184ED0}.Release|Win32.Build.0 = Release|Win32
		{EF58423D-A088-4EF2-81DB-0B4B04184ED0}.Release|x64.ActiveCfg = Release|x64
		{EF58423D-A088-4EF2-81DB-0B4B04184ED0}.Release|x64.Build.0 = Release|x64
		{EF58423D-A088-4EF2-81DB-0B4B04184ED0}.Shipping|Win32.ActiveCfg = Shipping|Win32
		{EF58423D-A088-4EF2-81DB-0B4B04184ED0}.Shipping|Win32.Build.0 = Shipping|Win32
		{EF58423D-A088-4EF2-81DB-0B4B04184ED0}.Shipping|x64.ActiveCfg = Shipping|x64
		{EF58423D-A088-4EF2-81DB-0B4B04184ED0}.Shipping|x64.Build.0 = Shipping|x64
		{99336339-33AF-4057-90C6-BF13CABFA522}.Debug|Win32.ActiveCfg = Debug|Win32
		{99336339-33AF-4057-90C6-BF13CABFA522}.Debug|Win32.Build.0 = Debug|Win32
		{99336339-33AF-4057-90C6-BF13CABFA522}.Debug|x64.ActiveCfg = Debug|x64
		{99336339-33AF-4057-90C6-BF13CABFA522}.Debug|x64.Build.0 = Debug|x64
		{99336339-33AF-4057-90C6-BF13CABFA522}.DebugFast|Win32.ActiveCfg = DebugFast|Win32
		{99336339-33AF-4057-90C6-BF13CABFA522}.DebugFast|Win32.Build.0 = DebugFast|Win32
		{99336339-33AF-4057-90C6-BF13CABFA522}.DebugFast|x64.ActiveCfg = DebugFast|x64
		{99336339-33AF-4057-90C6-BF13CABFA522}.DebugFast|x64.Build.0 = DebugFast|x64
		{99336339-33AF-4057-90C6-BF13CABFA522}.Release|Win32.ActiveCfg = Release|Win32
		{99336339-33AF-4057-90C6-BF13CABFA522}.Release|Win32.Build.0 = Release|Win32
		{99336339-33AF-4057-90C6-BF13CABFA522}.Release|x64.ActiveCfg = Release|x64
		{99336339-33AF-4057-90C6-BF13CABFA522}.Release|x64.Build.0 = Release|x64
		{99336339-33AF-4057-90C6-BF13CABFA522}.Shipping|Win32.ActiveCfg = Shipping|Win32
		{99336339-33AF-4057-90C6-BF13CABFA522}.Shipping|Win32.Build.0 = Shipping|Win32
		{99336339-33AF-4057-90C6-BF13CABFA522}.Shipping|x64.ActiveCfg = Shipping|x64
		{99336339-33AF-4057-90C6-BF13CABFA522}.Shipping|x64.Build.0 = Shipping|x64
		{CCDF1982-A135-4826-8DB2-7AB5011CCD41}.Debug|Win32.ActiveCfg = Debug|Win32
		{CCDF1982-A135-4826-8DB2-7AB5011CCD41}.Debug|Win32.Build.0 = Debug|Win32
		{CCDF1982-A135-4826-8DB2-7AB5011CCD41}.Debug|x64.ActiveCfg = Debug|x64
		{CCDF1982-A135-4826-8DB2-7AB5011CCD41}.Debug|x64.Build.0 = Debug|x64
		{CCDF1982-A135-4826-8DB2-7AB5011CCD41}.DebugFast|Win32.ActiveCfg = DebugFast|Win32
		{CCDF1982-A135-4826-8DB2-7AB5011CCD41}.DebugFast|Win32.Build.0 = DebugFast|Win32
		{CCDF1982-A135-4826-8DB2-7AB5011CCD41}.DebugFast|x64.ActiveCfg = DebugFast|x64
		{CCDF1982-A135-4826-8DB2-7AB5011CCD41}.DebugFast|x64.Build.0 = DebugFast|x64
		{CCDF1982-A135-4826-8DB2-7AB5011CCD41}.Release|Win32.ActiveCfg = Release|Win32
		{CCDF1982-A135-4826-8DB2-7AB5011CCD41}.Release|Win32.Build.0 = Release|Win32
		{CCDF1982-A135-4826-8DB2-7AB5011CCD41}.Release|x64.ActiveCfg = Release|x64
		{CCDF1982-A135-4826-8DB2-7AB5011CCD41}.Release|x64.Build.0 = Release|x64
		{CCDF1982-A135-4826-8DB2-7AB5011CCD41}.Shipping|Win32.ActiveCfg = Shipping|Win32
		{CCDF1982-A135-4826-8DB2-7AB5011CCD41}.Shipping|Win32.Build.0 = Shipping|Win32
		{CCDF1982-A135-4826-8DB2-7AB5011CCD41}.Shipping|x64.ActiveCfg = Shipping|x64
		{CCDF1982-A135-4826-8DB2-7AB5011CCD41}.Shipping|x64.Build.0 = Shipping|x64
		{E8305549-A273-4D0E-9505-09862176E389}.Debug|Win32.ActiveCfg = Debug|Win32
		{E8305549-A273-4D0E-9505-09862176E389}.Debug|Win32.Build.0 = Debug|Win32
		{E8305549-A273-4D0E-9505-09862176E389}.Debug|x64.ActiveCfg = Debug|x64
		{E8305549-A273-4D0E-9505-09862176E389}.Debug|x64.Build.0 = Debug|x64
		{E8305549-A273-4D0E-9505-09862176E389}.DebugFast|Win32.ActiveCfg = DebugFast|Win32
		{E8305549-A273-4D0E-9505-09862176E389}.DebugFast|Win32.Build.0 = DebugFast|Win32
		{E8305549-A273-4D0E-9505-09862176E389}.DebugFast|x64.ActiveCfg = DebugFast|x64
		{E8305549-A273-4D0E-9505-09862176E389}.DebugFast|x64.Build.0 = DebugFast|x64
		{E8305549-A273-4D0E-9505-09862176E389}.Release|Win32.ActiveCfg = Release|Win32
		{E8305549-A273-4D0E-9505-09862176E389}.Release|Win32.Build.0 = Release|Win32
		{E8305549-A273-4D0E-9505-09862176E389}.Release|x64.ActiveCfg = Release|x64
		{E8305549-A273-4D0E-9505-09862176E389}.Release|x64.Build.0 = Release|x64
		{E8305549-A273-4D0E-9505-09862176E389}.Shipping|Win32.ActiveCfg = Shipping|Win32
		{E8305549-A273-4D0E-9505-09862176E389}.Shipping|Win32.Build.0 = Shipping|Win32
		{E8305549-A273-4D0E-9505-09862176E389}.Shipping|x64.ActiveCfg = Shipping|x64
		{E8305549-A273-4D0E-9505-09862176E389}.Shipping|x64.Build.0 = Shipping|x64
		{A09B416C-453D-49B1-A555-19BBB8F1F916}.Debug|Win32.ActiveCfg = Debug|Win32
		{A09B416C-453D-49B1-A555-19BBB8F1F916}.Debug|Win32.Build.0 = Debug|Win32
		{A09B416C-453D-49B1-A555-19BBB8F1F916}.Debug|x64.ActiveCfg = Debug|x64
		{A09B416C-453D-49B1-A555-19BBB8F1F916}.Debug|x64.Build.0 = Debug|x64
		{A09B416C-453D-49B1-A555-19BBB8F1F916}.DebugFast|Win32.ActiveCfg = DebugFast|Win32
		{A09B416C-453D-49B1-A555-19BBB8F1F916}.DebugFast|Win32.Build.0 = DebugFast|Win32
		{A09B416C-453D-49B1-A555-19BBB8F1F916}.DebugFast|x64.ActiveCfg = DebugFast|x64
		{A09B416C-453D-49B1-A555-19BBB8F1F916}.DebugFast|x64.Build.0 = DebugFast|x64
		{A09B416C-453D-49B1-A555-19BBB8F1F916}.Release|Win32.ActiveCfg = Release|Win32
		{A09B416C-453D-49B1-A555-19BBB8F1F916}.Release|Win32.Build.0 = Release|Win32
		{A09B416C-453D-49B1-A555-19BBB8F1F916}.Release|x64.ActiveCfg = Release|x64
		{A09B416C-453D-49B1-A555-19BBB8F1F916}.Release|x64.Build.0 = Release|x64
		{A09B416C-453D-49B1-A555-19BBB8F1F916}.Shipping|Win32.ActiveCfg = Shipping|Win32
		{A09B416C-453D-49B1-A555-19BBB8F1F916}.Shipping|Win32.Build.0 = Shipping|Win32
		{A09B416C-453D-49B1-A555-19BBB8F1F916}.Shipping|x64.ActiveCfg = Shipping|x64
		{A09B416C-453D-49B1-A555-19BBB8F1F916}.Shipping|x64.Build.0 = Shipping|x64
		{6E5AC457-2EC0-4F50-99FE-7C3DBAFE5E26}.Debug|Win32.ActiveCfg = Debug|Win32
		{6E5AC457-2EC0-4F50-99FE-7C3DBAFE5E26}.Debug|Win32.Build.0 = Debug|Win32
		{6E5AC457-2EC0-4F50-99FE-7C3DBAFE5E26}.Debug|x64.ActiveCfg = Debug|x64
		{6E5AC457-2EC0-4F50-99FE-7C3DBAFE5E26}.Debug|x64.Build.0 = Debug|x64
		{6E5AC457-2EC0-4F50-99FE-7C3DBAFE5E26}.DebugFast|Win32.ActiveCfg = DebugFast|Win32
		{6E5AC457-2EC0-4F50-99FE-7C3DBAFE5E26}.DebugFast|Win32.Build.0 = DebugFast|Win32
		{6E5AC457-2EC0-4F50-99FE-7C3DBAFE5E26}.DebugFast|x64.ActiveCfg = DebugFast|x64
		{6E5AC457-2EC0-4F50-99FE-7C3DBAFE5E26}.DebugFast|x64.Build.0 = DebugFast|x64
		{6E5AC457-2EC0-4F50-99FE-7C3DBAFE5E26}.Release|Win32.ActiveCfg = Release|Win32
		{6E5AC457-2EC0-4F50-99FE-7C3DBAFE5E26}.Release|Win32.Build.0 = Release|Win32
		{6E5AC457-2EC0-4F50-99FE-7C3DBAFE5E26}.Release|x64.ActiveCfg = Release|x64
		{6E5AC457-2EC0-4F50-99FE-7C3DBAFE5E26}.Release|x64.Build.0 = Release|x64
		{6E5AC457-2EC0-4F50-99FE-7C3DBAFE5E26}.Shipping|Win32.ActiveCfg = Shipping|Win32
		{6E5AC457-2EC0-4F50-99FE-7C3DBAFE5E26}.Shipping|Win32.Build.0 = Shipping|Win32
		{6E5AC457-2EC0-4F50-99FE-7C3DBAFE5E26}.Shipping|x64.ActiveCfg = Shipping|x64
		{6E5AC457-2EC0-4F50-99FE-7C3DBAFE5E26}.Shipping|x64.Build.0 = Shipping|x64
		{383C5BCD-A5D1-402A-95AB-C3D8CC45E3F2}.Debug|Win32.ActiveCfg = Debug|Win32
		{383C5BCD-A5D1-402A-95AB-C3D8CC45E3F2}.Debug|Win32.Build.0 = Debug|Win32
		{383C5BCD-A5D1-402A-95AB-C3D8CC45E3F2}.Debug|x64.ActiveCfg = Debug|x64
		{383C5BCD-A5D1-402A-95AB-C3D8CC45E3F2}.Debug|x64.Build.0 = Debug|x64
		{383C5BCD-A5D1-402A-95AB-C3D8CC45E3F2}.DebugFast|Win32.ActiveCfg = DebugFast|Win32
		{383C5BCD-A5D1-402A-95AB-C3D8CC45E3F2}.DebugFast|Win32.Build.0 = DebugFast|Win32
		{383C5BCD-A5D1-402A-95AB-C3D8CC45E3F2}.DebugFast|x64.ActiveCfg = DebugFast|x64
		{383C5BCD-A5D1-402A-95AB-C3D8CC45E3F2}.DebugFast|x64.Build.0 = DebugFast|x64
		{383C5BCD-A5D1-402A-95AB-C3D8CC45E3F2}.Release|Win32.ActiveCfg = Release|Win32
		{383C5BCD-A5D1-402A-95AB-C3D8CC45E3F2}.Release|Win32.Build.0 = Release|Win32
		{383C5BCD-A5D1-402A-95AB-C3D8CC45E3F2}.Release|x64.ActiveCfg = Release|x64
		{383C5BCD-A5D1-402A-95AB-C3D8CC45E3F2}.Release|x64.Build.0 = Release|x64
		{383C5BCD-A5D1-402A-95AB-C3D8CC45E3F2}.Shipping|Win32.ActiveCfg = Shipping|Win32
		{383C5BCD-A5D1-402A-95AB-C3D8CC45E3F2}.Shipping|Win32.Build.0 = Shipping|Win32
		{383C5BCD-A5D1-402A-95AB-C3D8CC45E3F2}.Shipping|x64.ActiveCfg = Shipping|x64
		{383C5BCD-A5D1-402A-95AB-C3D8CC45E3F2}.Shipping|x64.Build.0 = Shipping|x64
		{2EC41F1F-10C7-4B0C-9019-D606232D5DBD}.Debug|Win32.ActiveCfg = Debug|Win32
		{2EC41F1F-10C7-4B0C-9019-D606232D5DBD}.Debug|Win32.Build.0 = Debug|Win32
		{2EC41F1F-10C7-4B0C-9019-D606232D5DBD}.Debug|x64.ActiveCfg = Debug|x64
		{2EC41F1F-10C7-4B0C-9019-D606232D5DBD}.Debug|x64.Build.0 = Debug|x64
		{2EC41F1F-10C7-4B0C-9019-D606232D5DBD}.DebugFast|Win32.ActiveCfg = DebugFast|Win32
		{2EC41F1F-10C7-4B0C-9019-D606232D5DBD}.DebugFast|Win32.Build.0 = DebugFast|Win32
		{2EC41F1F-10C7-4B0C-9019-D606232D5DBD}.DebugFast|x64.ActiveCfg = DebugFast|x64
		{2EC41F1F-10C7-4B0C-9019-D606232D5DBD}.DebugFast|x64.Build.0 = DebugFast|x64
		{2EC41F1F-10C7-4B0C-9019-D606232D5DBD}.Release|Win32.ActiveCfg = Release|Win32
		{2EC41F1F-10C7-4B0C-9019-D606232D5DBD}.Release|Win32.Build.0 = Release|Win32
		{2EC41F1F-10C7-4B0C-9019-D606232D5DBD}.Release|x64.ActiveCfg = Release|x64
		{2EC41F1F-10C7-4B0C-9019-D606232D5DBD}.Release|x64.Build.0 = Release|x64
		{2EC41F1F-10C7-4B0C-9019-D606232D5DBD}.Shipping|Win32.ActiveCfg = Shipping|Win32
		{2EC41F1F-10C7-4B0C-9019-D606232D5DBD}.Shipping|Win32.Build.0 = Shipping|Win32
		{2EC41F1F-10C7-4B0C-9019-D606232D5DBD}.Shipping|x64.ActiveCfg = Shipping|x64
		{2EC41F1F-10C7-4B0C-9019-D606232D5DBD}.Shipping|x64.Build.0 = Shipping|x64
		{908EB209-17F4-49DB-B1EE-37DE5BDD4BFD}.Debug|Win32.ActiveCfg = Debug|Win32
		{908EB209-17F4-49DB-B1EE-37DE5BDD4BFD}.Debug|Win32.Build.0 = Debug|Win32
		{908EB209-17F4-49DB-B1EE-37DE5BDD4BFD}.Debug|x64.ActiveCfg = Debug|x64
		{908EB209-17F4-49DB-B1EE-37DE5BDD4BFD}.Debug|x64.Build.0 = Debug|x64
		{908EB209-17F4-49DB-B1EE-37DE5BDD4BFD}.DebugFast|Win32.ActiveCfg = DebugFast|Win32
		{908EB209-17F4-49DB-B1EE-37DE5BDD4BFD}.DebugFast|Win32.Build.0 = DebugFast|Win32
		{908EB209-17F4-49DB-B1EE-37DE5BDD4BFD}.DebugFast|x64.ActiveCfg = DebugFast|x64
		{908EB209-17F4-49DB-B1EE-37DE5BDD4BFD}.DebugFast|x64.Build.0 = DebugFast|x64
		{908EB209-17F4-49DB-B1EE-37DE5BDD4BFD}.Release|Win32.ActiveCfg = Release|Win32
		{908EB209-17F4-49DB-B1EE-37DE5BDD4BFD}.Release|Win32.Build.0 = Release|Win32
		{908EB209-17F4-49DB-B1EE-37DE5BDD4BFD}.Release|x64.ActiveCfg = Release|x64
		{908EB209-17F4-49DB-B1EE-37DE5BDD4BFD}.Release|x64.Build.0 = Release|x64
		{908EB209-17F4-49DB-B1EE-37DE5BDD4BFD}.Shipping|Win32.ActiveCfg = Shipping|Win32
		{908EB209-17F4-49DB-B1EE-37DE5BDD4BFD}.Shipping|Win32.Build.0 = Shipping|Win32
		{908EB209-17F4-49DB-B1EE-37DE5BDD4BFD}.Shipping|x64.ActiveCfg = Shipping|x64
		{908EB209-17F4-49DB-B1EE-37DE5BDD4BFD}.Shipping|x64.Build.0 = Shipping|x64
		{9974D321-042E-4E56-8924-AD0B2F94091B}.Debug|Win32.ActiveCfg = Debug|Win32
		{9974D321-042E-4E56-8924-AD0B2F94091B}.Debug|Win32.Build.0 = Debug|Win32
		{9974D321-042E-4E56-8924-AD0B2F94091B}.Debug|x64.ActiveCfg = Debug|x64
		{9974D321-042E-4E56-8924-AD0B2F94091B}.Debug|x64.Build.0 = Debug|x64
		{9974D321-042E-4E56-8924-AD0B2F94091B}.DebugFast|Win32.ActiveCfg = DebugFast|Win32
		{9974D321-042E-4E56-8924-AD0B2F94091B}.DebugFast|Win32.Build.0 = DebugFast|Win32
		{9974D321-042E-4E56-8924-AD0B2F94091B}.DebugFast|x64.ActiveCfg = DebugFast|x64
		{9974D321-042E-4E56-8924-AD0B2F94091B}.DebugFast|x64.Build.0 = DebugFast|x64
		{9974D321-042E-4E56-8924-AD0B2F94091B}.Release|Win32.ActiveCfg = Release|Win32
		{9974D321-042E-4E56-8924-AD0B2F94091B}.Release|Win32.Build.0 = Release|Win32
		{9974D321-042E-4E56-8924-AD0B2F94091B}.Release|x64.ActiveCfg = Release|x64
		{9974D321-042E-4E56-8924-AD0B2F94091B}.Release|x64.Build.0 = Release|x64
		{9974D321-042E-4E56-8924-AD0B2F94091B}.Shipping|Win32.ActiveCfg = Shipping|Win32
		{9974D321-042E-4E56-8924-AD0B2F94091B}.Shipping|Win32.Build.0 = Shipping|Win32
		{9974D321-042E-4E56-8924-AD0B2F94091B}.Shipping|x64.ActiveCfg = Shipping|x64
		{9974D321-042E-4E56-8924-AD0B2F94091B}.Shipping|x64.Build.0 = Shipping|x64
		{39A9B3A9-6ADD-4908-9D7E-ABE5F7CE96E0}.Debug|Win32.ActiveCfg = Debug|Win32
		{39A9B3A9-6ADD-4908-9D7E-ABE5F7CE96E0}.Debug|Win32.Build.0 = Debug|Win32
		{39A9B3A9-6ADD-4908-9D7E-ABE5F7CE96E0}.Debug|x64.ActiveCfg = Debug|x64
		{39A9B3A9-6ADD-4908-9D7E-ABE5F7CE96E0}.Debug|x64.Build.0 = Debug|x64
		{39A9B3A9-6ADD-4908-9D7E-ABE5F7CE96E0}.DebugFast|Win32.ActiveCfg = DebugFast|Win32
		{39A9B3A9-6ADD-4908-9D7E-ABE5F7CE96E0}.DebugFast|Win32.Build.0 = DebugFast|Win32
		{39A9B3A9-6ADD-4908-9D7E-ABE5F7CE96E0}.DebugFast|x64.ActiveCfg = DebugFast|x64
		{39A9B3A9-6ADD-4908-9D7E-ABE5F7CE96E0}.DebugFast|x64.Build.0 = DebugFast|x64
		{39A9B3A9-6ADD-4908-9D7E-ABE5F7CE96E0}.Release|Win32.ActiveCfg = Release|Win32
		{39A9B3A9-6ADD-4908-9D7E-ABE5F7CE96E0}.Release|Win32.Build.0 = Release|Win32
		{39A9B3A9-6ADD-4908-9D7E-ABE5F7CE96E0}.Release|x64.ActiveCfg = Release|x64
		{39A9B3A9-6ADD-4908-9D7E-ABE5F7CE96E0}.Release|x64.Build.0 = Release|x64
		{39A9B3A9-6ADD-4908-9D7E-ABE5F7CE96E0}.Shipping|Win32.ActiveCfg = Shipping|Win32
		{39A9B3A9-6ADD-4908-9D7E-ABE5F7CE96E0}.Shipping|Win32.Build.0 = Shipping|Win32
		{39A9B3A9-6ADD-4908-9D7E-ABE5F7CE96E0}.Shipping|x64.ActiveCfg = Shipping|x64
		{39A9B3A9-6ADD-4908-9D7E-ABE5F7CE96E0}.Shipping|x64.Build.0 = Shipping|x64
		{B030AB6D-360C-4C38-9DC1-85AF836757C3}.Debug|Win32.ActiveCfg = Debug|Win32
		{B030AB6D-360C-4C38-9DC1-85AF836757C3}.Debug|Win32.Build.0 = Debug|Win32
		{B030AB6D-360C-4C38-9DC1-85AF836757C3}.Debug|x64.ActiveCfg = Debug|x64
		{B030AB6D-360C-4C38-9DC1-85AF836757C3}.Debug|x64.Build.0 = Debug|x64
		{B030AB6D-360C-4C38-9DC1-85AF836757C3}.DebugFast|Win32.ActiveCfg = DebugFast|Win32
		{B030AB6D-360C-4C38-9DC1-85AF836757C3}.DebugFast|Win32.Build.0 = DebugFast|Win32
		{B030AB6D-360C-4C38-9DC1-85AF836757C3}.DebugFast|x64.ActiveCfg = DebugFast|x64
		{B030AB6D-360C-4C38-9DC1-85AF836757C3}.DebugFast|x64.Build.0 = DebugFast|x64
		{B030AB6D-360C-4C38-9DC1-85AF836757C3}.Release|Win32.ActiveCfg = Release|Win32
		{B030AB6D-360C-4C38-9DC1-85AF836757C3}.Release|Win32.Build.0 = Release|Win32
		{B030AB6D-360C-4C38-9DC1-85AF836757C3}.Release|x64.ActiveCfg = Release|x64
		{B030AB6D-360C-4C38-9DC1-85AF836757C3}.Release|x64.Build.0 = Release|x64
		{B030AB6D-360C-4C38-9DC1-85AF836757C3}.Shipping|Win32.ActiveCfg = Shipping|Win32
		{B030AB6D-360C-4C38-9DC1-85AF836757C3}.Shipping|Win32.Build.0 = Shipping|Win32
		{B030AB6D-360C-4C38-9DC1-85AF836757C3}.Shipping|x64.ActiveCfg = Shipping|x64
		{B030AB6D-360C-4C38-9DC1-85AF836757C3}.Shipping|x64.Build.0 = Shipping|x64
		{3117C755-547A-45F4-AEB6-750BE4C299C2}.Debug|Win32.ActiveCfg = Debug|Win32
		{3117C755-547A-45F4-AEB6-750BE4C299C2}.Debug|Win32.Build.0 = Debug|Win32
		{3117C755-547A-45F4-AEB6-750BE4C299C2}.Debug|x64.ActiveCfg = Debug|x64
		{3117C755-547A-45F4-AEB6-750BE4C299C2}.Debug|x64.Build.0 = Debug|x64
		{3117C755-547A-45F4-AEB6-750BE4C299C2}.DebugFast|Win32.ActiveCfg = DebugFast|Win32
		{3117C755-547A-45F4-AEB6-750BE4C299C2}.DebugFast|Win32.Build.0 = DebugFast|Win32
		{3117C755-547A-45F4-AEB6-750BE4C299C2}.DebugFast|x64.ActiveCfg = DebugFast|x64
		{3117C755-547A-45F4-AEB6-750BE4C299C2}.DebugFast|x64.Build.0 = DebugFast|x64
		{3117C755-547A-45F4-AEB6-750BE4C299C2}.Release|Win32.ActiveCfg = Release|Win32
		{3117C755-547A-45F4-AEB6-750BE4C299C2}.Release|Win32.Build.0 = Release|Win32
		{3117C755-547A-45F4-AEB6-750BE4C299C2}.Release|x64.ActiveCfg = Release|x64
		{3117C755-547A-45F4-AEB6-750BE4C299C2}.Release|x64.Build.0 = Release|x64
		{3117C755-547A-45F4-AEB6-750BE4C299C2}.Shipping|Win32.ActiveCfg = Shipping|Win32
		{3117C755-547A-45F4-AEB6-750BE4C299C2}.Shipping|Win32.Build.0 = Shipping|Win32
		{3117C755-547A-45F4-AEB6-750BE4C299C2}.Shipping|x64.ActiveCfg = Shipping|x64
		{3117C755-547A-45F4-AEB6-750BE4C299C2}.Shipping|x64.Build.0 = Shipping|x64
		{A9E47AF4-2A59-4E54-ACE0-BD7DA0AF7CC7}.Debug|Win32.ActiveCfg = Debug|Win32
		{A9E47AF4-2A59-4E54-ACE0-BD7DA0AF7CC7}.Debug|Win32.Build.0 = Debug|Win32
		{A9E47AF4-2A59-4E54-ACE0-BD7DA0AF7CC7}.Debug|x64.ActiveCfg = Debug|x64
		{A9E47AF4-2A59-4E54-ACE0-BD7DA0AF7CC7}.Debug|x64.Build.0 = Debug|x64
		{A9E47AF4-2A59-4E54-ACE0-BD7DA0AF7CC7}.DebugFast|Win32.ActiveCfg = DebugFast|Win32
		{A9E47AF4-2A59-4E54-ACE0-BD7DA0AF7CC7}.DebugFast|Win32.Build.0 = DebugFast|Win32
		{A9E47AF4-2A59-4E54-ACE0-BD7DA0AF7CC7}.DebugFast|x64.ActiveCfg = DebugFast|x64
		{A9E47AF4-2A59-4E54-ACE0-BD7DA0AF7CC7}.DebugFast|x64.Build.0 = DebugFast|x64
		{A9E47AF4-2A59-4E54-ACE0-BD7DA0AF7CC7}.Release|Win32.ActiveCfg = Release|Win32
		{A9E47AF4-2A59-4E54-ACE0-BD7DA0AF7CC7}.Release|Win32.Build.0 = Release|Win32
		{A9E47AF4-2A59-4E54-ACE0-BD7DA0AF7CC7}.Release|x64.ActiveCfg = Release|x64
		{A9E47AF4-2A59-4E54-ACE0-BD7DA0AF7CC7}.Release|x64.Build.0 = Release|x64
		{A9E47AF4-2A59-4E54-ACE0-BD7DA0AF7CC7}.Shipping|Win32.ActiveCfg = Shipping|Win32
		{A9E47AF4-2A59-4E54-ACE0-BD7DA0AF7CC7}.Shipping|Win32.Build.0 = Shipping|Win32
		{A9E47AF4-2A59-4E54-ACE0-BD7DA0AF7CC7}.Shipping|x64.ActiveCfg = Shipping|x64
		{A9E47AF4-2A59-4E54-ACE0-BD7DA0AF7CC7}.Shipping|x64.Build.0 = Shipping|x64
		{FA5DE2CC-3E5B-4D2F-9BFB-96FD276A2E87}.Debug|Win32.ActiveCfg = Debug|Win32
		{FA5DE2CC-3E5B-4D2F-9BFB-96FD276A2E87}.Debug|Win32.Build.0 = Debug|Win32
		{FA5DE2CC-3E5B-4D2F-9BFB-96FD276A2E87}.Debug|x64.ActiveCfg = Debug|x64
		{FA5DE2CC-3E5B-4D2F-9BFB-96FD276A2E87}.Debug|x64.Build.0 = Debug|x64
		{FA5DE2CC-3E5B-4D2F-9BFB-96FD276A2E87}.DebugFast|Win32.ActiveCfg = DebugFast|Win32
		{FA5DE2CC-3E5B-4D2F-9BFB-96FD276A2E87}.DebugFast|Win32.Build.0 = DebugFast|Win32
		{FA5DE2CC-3E5B-4D2F-9BFB-96FD276A2E87}.DebugFast|x64.ActiveCfg = DebugFast|x64
		{FA5DE2CC-3E5B-4D2F-9BFB-96FD276A2E87}.DebugFast|x64.Build.0 = DebugFast|x64
		{FA5DE2CC-3E5B-4D2F-9BFB-96FD276A2E87}.Release|Win32.ActiveCfg = Release|Win32
		{FA5DE2CC-3E5B-4D2F-9BFB-96FD276A2E87}.Release|Win32.Build.0 = Release|Win32
		{FA5DE2CC-3E5B-4D2F-9BFB-96FD276A2E87}.Release|x64.ActiveCfg = Release|x64
		{FA5DE2CC-3E5B-4D2F-9BFB-96FD276A2E87}.Release|x64.Build.0 = Release|x64
		{FA5DE2CC-3E5B-4D2F-9BFB-96FD276A2E87}.Shipping|Win32.ActiveCfg = Shipping|Win32
		{FA5DE2CC-3E5B-4D2F-9BFB-96FD276A2E87}.Shipping|Win32.Build.0 = Shipping|Win32
		{FA5DE2CC-3E5B-4D2F-9BFB-96FD276A2E87}.Shipping|x64.ActiveCfg = Shipping|x64
		{FA5DE2CC-3E5B-4D2F-9BFB-96FD276A2E87}.Shipping|x64.Build.0 = Shipping|x64
		{5CF363C0-9201-4316-9033-8A905AA49547}.Debug|Win32.ActiveCfg = Debug|Win32
		{5CF363C0-9201-4316-9033-8A905AA49547}.Debug|Win32.Build.0 = Debug|Win32
		{5CF363C0-9201-4316-9033-8A905AA49547}.Debug|x64.ActiveCfg = Debug|x64
		{5CF363C0-9201-4316-9033-8A905AA49547}.Debug|x64.Build.0 = Debug|x64
		{5CF363C0-9201-4316-9033-8A905AA49547}.DebugFast|Win32.ActiveCfg = Debug|Win32
		{5CF363C0-9201-4316-9033-8A905AA49547}.DebugFast|Win32.Build.0 = Debug|Win32
		{5CF363C0-9201-4316-9033-8A905AA49547}.DebugFast|x64.ActiveCfg = Debug|x64
		{5CF363C0-9201-4316-9033-8A905AA49547}.DebugFast|x64.Build.0 = Debug|x64
		{5CF363C0-9201-4316-9033-8A905AA49547}.Release|Win32.ActiveCfg = Release|Win32
		{5CF363C0-9201-4316-9033-8A905AA49547}.Release|Win32.Build.0 = Release|Win32
		{5CF363C0-9201-4316-9033-8A905AA49547}.Release|x64.ActiveCfg = Release|x64
		{5CF363C0-9201-4316-9033-8A905AA49547}.Release|x64.Build.0 = Release|x64
		{5CF363C0-9201-4316-9033-8A905AA49547}.Shipping|Win32.ActiveCfg = Release|Win32
		{5CF363C0-9201-4316-9033-8A905AA49547}.Shipping|Win32.Build.0 = Release|Win32
		{5CF363C0-9201-4316-9033-8A905AA49547}.Shipping|x64.ActiveCfg = Release|x64
		{5CF363C0-9201-4316-9033-8A905AA49547}.Shipping|x64.Build.0 = Release|x64
		{D49A1B83-39B0-43F0-A7F4-B3E7E156342D}.Debug|Win32.ActiveCfg = Debug|Win32
		{D49A1B83-39B0-43F0-A7F4-B3E7E156342D}.Debug|Win32.Build.0 = Debug|Win32
		{D49A1B83-39B0-43F0-A7F4-B3E7E156342D}.Debug|x64.ActiveCfg = Debug|x64
		{D49A1B83-39B0-43F0-A7F4-B3E7E156342D}.Debug|x64.Build.0 = Debug|x64
		{D49A1B83-39B0-43F0-A7F4-B3E7E156342D}.DebugFast|Win32.ActiveCfg = DebugFast|Win32
		{D49A1B83-39B0-43F0-A7F4-B3E7E156342D}.DebugFast|Win32.Build.0 = DebugFast|Win32
		{D49A1B83-39B0-43F0-A7F4-B3E7E156342D}.DebugFast|x64.ActiveCfg = DebugFast|x64
		{D49A1B83-39B0-43F0-A7F4-B3E7E156342D}.DebugFast|x64.Build.0 = DebugFast|x64
		{D49A1B83-39B0-43F0-A7F4-B3E7E156342D}.Release|Win32.ActiveCfg = Release|Win32
		{D49A1B83-39B0-43F0-A7F4-B3E7E156342D}.Release|Win32.Build.0 = Release|Win32
		{D49A1B83-39B0-43F0-A7F4-B3E7E156342D}.Release|x64.ActiveCfg = Release|x64
		{D49A1B83-39B0-43F0-A7F4-B3E7E156342D}.Release|x64.Build.0 = Release|x64
		{D49A1B83-39B0-43F0-A7F4-B3E7E156342D}.Shipping|Win32.ActiveCfg = Shipping|Win32
		{D49A1B83-39B0-43F0-A7F4-B3E7E156342D}.Shipping|Win32.Build.0 = Shipping|Win32
		{D49A1B83-39B0-43F0-A7F4-B3E7E156342D}.Shipping|x64.ActiveCfg = Shipping|x64
		{D49A1B83-39B0-43F0-A7F4-B3E7E156342D}.Shipping|x64.Build.0 = Shipping|x64
		{46D10782-4194-4188-B196-C712F15F3B58}.Debug|Win32.ActiveCfg = Debug|Win32
		{46D10782-4194-4188-B196-C712F15F3B58}.Debug|Win32.Build.0 = Debug|Win32
		{46D10782-4194-4188-B196-C712F15F3B58}.Debug|x64.ActiveCfg = Debug|x64
		{46D10782-4194-4188-B196-C712F15F3B58}.Debug|x64.Build.0 = Debug|x64
		{46D10782-4194-4188-B196-C712F15F3B58}.DebugFast|Win32.ActiveCfg = DebugFast|Win32
		{46D10782-4194-4188-B196-C712F15F3B58}.DebugFast|Win32.Build.0 = DebugFast|Win32
		{46D10782-4194-4188-B196-C712F15F3B58}.DebugFast|x64.ActiveCfg = DebugFast|x64
		{46D10782-4194-4188-B196-C712F15F3B58}.DebugFast|x64.Build.0 = DebugFast|x64
		{46D10782-4194-4188-B196-C712F15F3B58}.Release|Win32.ActiveCfg = Release|Win32
		{46D10782-4194-4188-B196-C712F15F3B58}.Release|Win32.Build.0 = Release|Win32
		{46D10782-4194-4188-B196-C712F15F3B58}.Release|x64.ActiveCfg = Release|x64
		{46D10782-4194-4188-B196-C712F15F3B58}.Release|x64.Build.0 = Release|x64
		{46D10782-4194-4188-B196-C712F15F3B58}.Shipping|Win32.ActiveCfg = Shipping|Win32
		{46D10782-4194-4188-B196-C712F15F3B58}.Shipping|Win32.Build.0 = Shipping|Win32
		{46D10782-4194-4188-B196-C712F15F3B58}.Shipping|x64.ActiveCfg = Shipping|x64
		{46D10782-4194-4188-B196-C712F15F3B58}.Shipping|x64.Build.0 = Shipping|x64
		{CC0D5FEF-3610-4494-BC8E-93CE90B40A80}.Debug|Win32.ActiveCfg = Debug|Win32
		{CC0D5FEF-3610-4494-BC8E-93CE90B40A80}.Debug|Win32.Build.0 = Debug|Win32
		{CC0D5FEF-3610-4494-BC8E-93CE90B40A80}.Debug|x64.ActiveCfg = Debug|x64
		{CC0D5FEF-3610-4494-BC8E-93CE90B40A80}.Debug|x64.Build.0 = Debug|x64
		{CC0D5FEF-3610-4494-BC8E-93CE90B40A80}.DebugFast|Win32.ActiveCfg = DebugFast|Win32
		{CC0D5FEF-3610-4494-BC8E-93CE90B40A80}.DebugFast|Win32.Build.0 = DebugFast|Win32
		{CC0D5FEF-3610-4494-BC8E-93CE90B40A80}.DebugFast|x64.ActiveCfg = DebugFast|x64
		{CC0D5FEF-3610-4494-BC8E-93CE90B40A80}.DebugFast|x64.Build.0 = DebugFast|x64
		{CC0D5FEF-3610-4494-BC8E-93CE90B40A80}.Release|Win32.ActiveCfg = Release|Win32
		{CC0D5FEF-3610-4494-BC8E-93CE90B40A80}.Release|Win32.Build.0 = Release|Win32
		{CC0D5FEF-3610-4494-BC8E-93CE90B40A80}.Release|x64.ActiveCfg = Release|x64
		{CC0D5FEF-3610-4494-BC8E-93CE90B40A80}.Release|x64.Build.0 = Release|x64
		{CC0D5FEF-3610-4494-BC8E-93CE90B40A80}.Shipping|Win32.ActiveCfg = Shipping|Win32
		{CC0D5FEF-3610-4494-BC8E-93CE90B40A80}.Shipping|Win32.Build.0 = Shipping|Win32
		{CC0D5FEF-3610-4494-BC8E-93CE90B40A80}.Shipping|x64.ActiveCfg = Shipping|x64
		{CC0D5FEF-3610-4494-BC8E-93CE90B40A80}.Shipping|x64.Build.0 = Shipping|x64
		{A30AE7C5-FB84-4021-80C2-8CB02EFD12C5}.Debug|Win32.ActiveCfg = Debug|Win32
		{A30AE7C5-FB84-4021-80C2-8CB02EFD12C5}.Debug|Win32.Build.0 = Debug|Win32
		{A30AE7C5-FB84-4021-80C2-8CB02EFD12C5}.Debug|x64.ActiveCfg = Debug|x64
		{A30AE7C5-FB84-4021-80C2-8CB02EFD12C5}.Debug|x64.Build.0 = Debug|x64
		{A30AE7C5-FB84-4021-80C2-8CB02EFD12C5}.DebugFast|Win32.ActiveCfg = DebugFast|Win32
		{A30AE7C5-FB84-4021-80C2-8CB02EFD12C5}.DebugFast|Win32.Build.0 = DebugFast|Win32
		{A30AE7C5-FB84-4021-80C2-8CB02EFD12C5}.DebugFast|x64.ActiveCfg = DebugFast|x64
		{A30AE7C5-FB84-4021-80C2-8CB02EFD12C5}.DebugFast|x64.Build.0 = DebugFast|x64
		{A30AE7C5-FB84-4021-80C2-8CB02EFD12C5}.Release|Win32.ActiveCfg = Release|Win32
		{A30AE7C5-FB84-4021-80C2-8CB02EFD12C5}.Release|Win32.Build.0 = Release|Win32
		{A30AE7C5-FB84-4021-80C2-8CB02EFD12C5}.Release|x64.ActiveCfg = Release|x64
		{A30AE7C5-FB84-4021-80C2-8CB02EFD12C5}.Release|x64.Build.0 = Release|x64
		{A30AE7C5-FB84-4021-80C2-8CB02EFD12C5}.Shipping|Win32.ActiveCfg = Shipping|Win32
		{A30AE7C5-FB84-4021-80C2-8CB02EFD12C5}.Shipping|Win32.Build.0 = Shipping|Win32
		{A30AE7C5-FB84-4021-80C2-8CB02EFD12C5}.Shipping|x64.ActiveCfg = Shipping|x64
		{A30AE7C5-FB84-4021-80C2-8CB02EFD12C5}.Shipping|x64.Build.0 = Shipping|x64
		{D05B6E35-3C9F-45FC-B294-EF56D3DA7EAF}.Debug|Win32.ActiveCfg = Debug|Win32
		{D05B6E35-3C9F-45FC-B294-EF56D3DA7EAF}.Debug|Win32.Build.0 = Debug|Win32
		{D05B6E35-3C9F-45FC-B294-EF56D3DA7EAF}.Debug|x64.ActiveCfg = Debug|x64
		{D05B6E35-3C9F-45FC-B294-EF56D3DA7EAF}.Debug|x64.Build.0 = Debug|x64
		{D05B6E35-3C9F-45FC-B294-EF56D3DA7EAF}.DebugFast|Win32.ActiveCfg = DebugFast|Win32
		{D05B6E35-3C9F-45FC-B294-EF56D3DA7EAF}.DebugFast|Win32.Build.0 = DebugFast|Win32
		{D05B6E35-3C9F-45FC-B294-EF56D3DA7EAF}.DebugFast|x64.ActiveCfg = DebugFast|x64
		{D05B6E35-3C9F-45FC-B294-EF56D3DA7EAF}.DebugFast|x64.Build.0 = DebugFast|x64
		{D05B6E35-3C9F-45FC-B294-EF56D3DA7EAF}.Release|Win32.ActiveCfg = Release|Win32
		{D05B6E35-3C9F-45FC-B294-EF56D3DA7EAF}.Release|Win32.Build.0 = Release|Win32
		{D05B6E35-3C9F-45FC-B294-EF56D3DA7EAF}.Release|x64.ActiveCfg = Release|x64
		{D05B6E35-3C9F-45FC-B294-EF56D3DA7EAF}.Release|x64.Build.0 = Release|x64
		{D05B6E35-3C9F-45FC-B294-EF56D3DA7EAF}.Shipping|Win32.ActiveCfg = Shipping|Win32
		{D05B6E35-3C9F-45FC-B294-EF56D3DA7EAF}.Shipping|Win32.Build.0 = Shipping|Win32
		{D05B6E35-3C9F-45FC-B294-EF56D3DA7EAF}.Shipping|x64.ActiveCfg = Shipping|x64
		{D05B6E35-3C9F-45FC-B294-EF56D3DA7EAF}.Shipping|x64.Build.0 = Shipping|x64
		{C5A87FD5-B615-498A-AA4B-38F1EF997D9D}.Debug|Win32.ActiveCfg = Debug|Win32
		{C5A87FD5-B615-498A-AA4B-38F1EF997D9D}.Debug|Win32.Build.0 = Debug|Win32
		{C5A87FD5-B615-498A-AA4B-38F1EF997D9D}.Debug|x64.ActiveCfg = Debug|x64
		{C5A87FD5-B615-498A-AA4B-38F1EF997D9D}.Debug|x64.Build.0 = Debug|x64
		{C5A87FD5-B615-498A-AA4B-38F1EF997D9D}.DebugFast|Win32.ActiveCfg = DebugFast|Win32
		{C5A87FD5-B615-498A-AA4B-38F1EF997D9D}.DebugFast|Win32.Build.0 = DebugFast|Win32
		{C5A87FD5-B615-498A-AA4B-38F1EF997D9D}.DebugFast|x64.ActiveCfg = DebugFast|x64
		{C5A87FD5-B615-498A-AA4B-38F1EF997D9D}.DebugFast|x64.Build.0 = DebugFast|x64
		{C5A87FD5-B615-498A-AA4B-38F1EF997D9D}.Release|Win32.ActiveCfg = Release|Win32
		{C5A87FD5-B615-498A-AA4B-38F1EF997D9D}.Release|Win32.Build.0 = Release|Win32
		{C5A87FD5-B615-498A-AA4B-38F1EF997D9D}.Release|x64.ActiveCfg = Release|x64
		{C5A87FD5-B615-498A-AA4B-38F1EF997D9D}.Release|x64.Build.0 = Release|x64
		{C5A87FD5-B615-498A-AA4B-38F1EF997D9D}.Shipping|Win32.ActiveCfg = Shipping|Win32
		{C5A87FD5-B615-498A-AA4B-38F1EF997D9D}.Shipping|Win32.Build.0 = Shipping|Win32
		{C5A87FD5-B615-498A-AA4B-38F1EF997D9D}.Shipping|x64.ActiveCfg = Shipping|x64
		{C5A87FD5-B615-498A-AA4B-38F1EF997D9D}.Shipping|x64.Build.0 = Shipping|x64
		{C5EF4BE8-393A-4235-BB52-FA771C492ECB}.Debug|Win32.ActiveCfg = Debug|Win32
		{C5EF4BE8-393A-4235-BB52-FA771C492ECB}.Debug|Win32.Build.0 = Debug|Win32
		{C5EF4BE8-393A-4235-BB52-FA771C492ECB}.Debug|x64.ActiveCfg = Debug|x64
		{C5EF4BE8-393A-4235-BB52-FA771C492ECB}.Debug|x64.Build.0 = Debug|x64
		{C5EF4BE8-393A-4235-BB52-FA771C492ECB}.DebugFast|Win32.ActiveCfg = DebugFast|Win32
		{C5EF4BE8-393A-4235-BB52-FA771C492ECB}.DebugFast|Win32.Build.0 = DebugFast|Win32
		{C5EF4BE8-393A-4235-BB52-FA771C492ECB}.DebugFast|x64.ActiveCfg = DebugFast|x64
		{C5EF4BE8-393A-4235-BB52-FA771C492ECB}.DebugFast|x64.Build.0 = DebugFast|x64
		{C5EF4BE8-393A-4235-BB52-FA771C492ECB}.Release|Win32.ActiveCfg = Release|Win32
		{C5EF4BE8-393A-4235-BB52-FA771C492ECB}.Release|Win32.Build.0 = Release|Win32
		{C5EF4BE8-393A-4235-BB52-FA771C492ECB}.Release|x64.ActiveCfg = Release|x64
		{C5EF4BE8-393A-4235-BB52-FA771C492ECB}.Release|x64.Build.0 = Release|x64
		{C5EF4BE8-393A-4235-BB52-FA771C492ECB}.Shipping|Win32.ActiveCfg = Shipping|Win32
		{C5EF4BE8-393A-4235-BB52-FA771C492ECB}.Shipping|Win32.Build.0 = Shipping|Win32
		{C5EF4BE8-393A-4235-BB52-FA771C492ECB}.Shipping|x64.ActiveCfg = Shipping|x64
		{C5EF4BE8-393A-4235-BB52-FA771C492ECB}.Shipping|x64.Build.0 = Shipping|x64
		{EB5F8093-B994-4088-B019-D8506CCF159A}.Debug|Win32.ActiveCfg = Debug|Win32
		{EB5F8093-B994-4088-B019-D8506CCF159A}.Debug|Win32.Build.0 = Debug|Win32
		{EB5F8093-B994-4088-B019-D8506CCF159A}.Debug|x64.ActiveCfg = Debug|x64
		{EB5F8093-B994-4088-B019-D8506CCF159A}.Debug|x64.Build.0 = Debug|x64
		{EB5F8093-B994-4088-B019-D8506CCF159A}.DebugFast|Win32.ActiveCfg = Debug|Win32
		{EB5F8093-B994-4088-B019-D8506CCF159A}.DebugFast|Win32.Build.0 = Debug|Win32
		{EB5F8093-B994-4088-B019-D8506CCF159A}.DebugFast|x64.ActiveCfg = Debug|x64
		{EB5F8093-B994-4088-B019-D8506CCF159A}.DebugFast|x64.Build.0 = Debug|x64
		{EB5F8093-B994-4088-B019-D8506CCF159A}.Release|Win32.ActiveCfg = Release|Win32
		{EB5F8093-B994-4088-B019-D8506CCF159A}.Release|Win32.Build.0 = Release|Win32
		{EB5F8093-B994-4088-B019-D8506CCF159A}.Release|x64.ActiveCfg = Release|x64
		{EB5F8093-B994-4088-B019-D8506CCF159A}.Release|x64.Build.0 = Release|x64
		{EB5F8093-B994-4088-B019-D8506CCF159A}.Shipping|Win32.ActiveCfg = Release|Win32
		{EB5F8093-B994-4088-B019-D8506CCF159A}.Shipping|Win32.Build.0 = Release|Win32
		{EB5F8093-B994-4088-B019-D8506CCF159A}.Shipping|x64.ActiveCfg = Release|x64
		{EB5F8093-B994-4088-B019-D8506CCF159A}.Shipping|x64.Build.0 = Release|x64
		{6450EC50-691A-4BD9-A17A-B5C7CEAD8F5E}.Debug|Win32.ActiveCfg = Debug|Win32
		{6450EC50-691A-4BD9-A17A-B5C7CEAD8F5E}.Debug|Win32.Build.0 = Debug|Win32
		{6450EC50-691A-4BD9-A17A-B5C7CEAD8F5E}.Debug|x64.ActiveCfg = Debug|x64
		{6450EC50-691A-4BD9-A17A-B5C7CEAD8F5E}.Debug|x64.Build.0 = Debug|x64
		{6450EC50-691A-4BD9-A17A-B5C7CEAD8F5E}.DebugFast|Win32.ActiveCfg = DebugFast|Win32
		{6450EC50-691A-4BD9-A17A-B5C7CEAD8F5E}.DebugFast|Win32.Build.0 = DebugFast|Win32
		{6450EC50-691A-4BD9-A17A-B5C7CEAD8F5E}.DebugFast|x64.ActiveCfg = DebugFast|x64
		{6450EC50-691A-4BD9-A17A-B5C7CEAD8F5E}.DebugFast|x64.Build.0 = DebugFast|x64
		{6450EC50-691A-4BD9-A17A-B5C7CEAD8F5E}.Release|Win32.ActiveCfg = Release|Win32
		{6450EC50-691A-4BD9-A17A-B5C7CEAD8F5E}.Release|Win32.Build.0 = Release|Win32
		{6450EC50-691A-4BD9-A17A-B5C7CEAD8F5E}.Release|x64.ActiveCfg = Release|x64
		{6450EC50-691A-4BD9-A17A-B5C7CEAD8F5E}.Release|x64.Build.0 = Release|x64
		{6450EC50-691A-4BD9-A17A-B5C7CEAD8F5E}.Shipping|Win32.ActiveCfg = Shipping|Win32
		{6450EC50-691A-4BD9-A17A-B5C7CEAD8F5E}.Shipping|Win32.Build.0 = Shipping|Win32
		{6450EC50-691A-4BD9-A17A-B5C7CEAD8F5E}.Shipping|x64.ActiveCfg = Shipping|x64
		{6450EC50-691A-4BD9-A17A-B5C7CEAD8F5E}.Shipping|x64.Build.0 = Shipping|x64
		{E6598D02-4D12-42D8-AE9C-3D1C7E7C0A88}.Debug|Win32.ActiveCfg = Debug|Win32
		{E6598D02-4D12-42D8-AE9C-3D1C7E7C0A88}.Debug|Win32.Build.0 = Debug|Win32
		{E6598D02-4D12-42D8-AE9C-3D1C7E7C0A88}.Debug|x64.ActiveCfg = Debug|x64
		{E6598D02-4D12-42D8-AE9C-3D1C7E7C0A88}.Debug|x64.Build.0 = Debug|x64
		{E6598D02-4D12-42D8-AE9C-3D1C7E7C0A88}.DebugFast|Win32.ActiveCfg = DebugFast|Win32
		{E6598D02-4D12-42D8-AE9C-3D1C7E7C0A88}.DebugFast|Win32.Build.0 = DebugFast|Win32
		{E6598D02-4D12-42D8-AE9C-3D1C7E7C0A88}.DebugFast|x64.ActiveCfg = DebugFast|x64
		{E6598D02-4D12-42D8-AE9C-3D1C7E7C0A88}.DebugFast|x64.Build.0 = DebugFast|x64
		{E6598D02-4D12-42D8-AE9C-3D1C7E7C0A88}.Release|Win32.ActiveCfg = Release|Win32
		{E6598D02-4D12-42D8-AE9C-3D1C7E7C0A88}.Release|Win32.Build.0 = Release|Win32
		{E6598D02-4D12-42D8-AE9C-3D1C7E7C0A88}.Release|x64.ActiveCfg = Release|x64
		{E6598D02-4D12-42D8-AE9C-3D1C7E7C0A88}.Release|x64.Build.0 = Release|x64
		{E6598D02-4D12-42D8-AE9C-3D1C7E7C0A88}.Shipping|Win32.ActiveCfg = Shipping|Win32
		{E6598D02-4D12-42D8-AE9C-3D1C7E7C0A88}.Shipping|Win32.Build.0 = Shipping|Win32
		{E6598D02-4D12-42D8-AE9C-3D1C7E7C0A88}.Shipping|x64.ActiveCfg = Shipping|x64
		{E6598D02-4D12-42D8-AE9C-3D1C7E7C0A88}.Shipping|x64.Build.0 = Shipping|x64
		{C28A48E4-3754-48F5-9F57-A9CBB417D45D}.Debug|Win32.ActiveCfg = Debug|Win32
		{C28A48E4-3754-48F5-9F57-A9CBB417D45D}.Debug|Win32.Build.0 = Debug|Win32
		{C28A48E4-3754-48F5-9F57-A9CBB417D45D}.Debug|x64.ActiveCfg = Debug|x64
		{C28A48E4-3754-48F5-9F57-A9CBB417D45D}.Debug|x64.Build.0 = Debug|x64
		{C28A48E4-3754-48F5-9F57-A9CBB417D45D}.DebugFast|Win32.ActiveCfg = DebugFast|Win32
		{C28A48E4-3754-48F5-9F57-A9CBB417D45D}.DebugFast|Win32.Build.0 = DebugFast|Win32
		{C28A48E4-3754-48F5-9F57-A9CBB417D45D}.DebugFast|x64.ActiveCfg = DebugFast|x64
		{C28A48E4-3754-48F5-9F57-A9CBB417D45D}.DebugFast|x64.Build.0 = DebugFast|x64
		{C28A48E4-3754-48F5-9F57-A9CBB417D45D}.Release|Win32.ActiveCfg = Release|Win32
		{C28A48E4-3754-48F5-9F57-A9CBB417D45D}.Release|Win32.Build.0 = Release|Win32
		{C28A48E4-3754-48F5-9F57-A9CBB417D45D}.Release|x64.ActiveCfg = Release|x64
		{C28A48E4-3754-48F5-9F57-A9CBB417D45D}.Release|x64.Build.0 = Release|x64
		{C28A48E4-3754-48F5-9F57-A9CBB417D45D}.Shipping|Win32.ActiveCfg = Shipping|Win32
		{C28A48E4-3754-48F5-9F57-A9CBB417D45D}.Shipping|Win32.Build.0 = Shipping|Win32
		{C28A48E4-3754-48F5-9F57-A9CBB417D45D}.Shipping|x64.ActiveCfg = Shipping|x64
		{C28A48E4-3754-48F5-9F57-A9CBB417D45D}.Shipping|x64.Build.0 = Shipping|x64
		{8A7AB4C0-2B21-4B29-88AA-D638197C7EDF}.Debug|Win32.ActiveCfg = Debug|Win32
		{8A7AB4C0-2B21-4B29-88AA-D638197C7EDF}.Debug|Win32.Build.0 = Debug|Win32
		{8A7AB4C0-2B21-4B29-88AA-D638197C7EDF}.Debug|x64.ActiveCfg = Debug|x64
		{8A7AB4C0-2B21-4B29-88AA-D638197C7EDF}.Debug|x64.Build.0 = Debug|x64
		{8A7AB4C0-2B21-4B29-88AA-D638197C7EDF}.DebugFast|Win32.ActiveCfg = DebugFast|Win32
		{8A7AB4C0-2B21-4B29-88AA-D638197C7EDF}.DebugFast|Win32.Build.0 = DebugFast|Win32
		{8A7AB4C0-2B21-4B29-88AA-D638197C7EDF}.DebugFast|x64.ActiveCfg = DebugFast|x64
		{8A7AB4C0-2B21-4B29-88AA-D638197C7EDF}.DebugFast|x64.Build.0 = DebugFast|x64
		{8A7AB4C0-2B21-4B29-88AA-D638197C7EDF}.Release|Win32.ActiveCfg = Release|Win32
		{8A7AB4C0-2B21-4B29-88AA-D638197C7EDF}.Release|Win32.Build.0 = Release|Win32
		{8A7AB4C0-2B21-4B29-88AA-D638197C7EDF}.Release|x64.ActiveCfg = Release|x64
		{8A7AB4C0-2B21-4B29-88AA-D638197C7EDF}.Release|x64.Build.0 = Release|x64
		{8A7AB4C0-2B21-4B29-88AA-D638197C7EDF}.Shipping|Win32.ActiveCfg = Shipping|Win32
		{8A7AB4C0-2B21-4B29-88AA-D638197C7EDF}.Shipping|Win32.Build.0 = Shipping|Win32
		{8A7AB4C0-2B21-4B29-88AA-D638197C7EDF}.Shipping|x64.ActiveCfg = Shipping|x64
		{8A7AB4C0-2B21-4B29-88AA-D638197C7EDF}.Shipping|x64.Build.0 = Shipping|x64
		{8BA7A614-EA64-4591-9119-4DB1E10B4AAC}.Debug|Win32.ActiveCfg = Debug|Win32
		{8BA7A614-EA64-4591-9119-4DB1E10B4AAC}.Debug|Win32.Build.0 = Debug|Win32
		{8BA7A614-EA64-4591-9119-4DB1E10B4AAC}.Debug|x64.ActiveCfg = Debug|x64
		{8BA7A614-EA64-4591-9119-4DB1E10B4AAC}.Debug|x64.Build.0 = Debug|x64
		{8BA7A614-EA64-4591-9119-4DB1E10B4AAC}.DebugFast|Win32.ActiveCfg = DebugFast|Win32
		{8BA7A614-EA64-4591-9119-4DB1E10B4AAC}.DebugFast|Win32.Build.0 = DebugFast|Win32
		{8BA7A614-EA64-4591-9119-4DB1E10B4AAC}.DebugFast|x64.ActiveCfg = DebugFast|x64
		{8BA7A614-EA64-4591-9119-4DB1E10B4AAC}.DebugFast|x64.Build.0 = DebugFast|x64
		{8BA7A614-EA64-4591-9119-4DB1E10B4AAC}.Release|Win32.ActiveCfg = Release|Win32
		{8BA7A614-EA64-4591-9119-4DB1E10B4AAC}.Release|Win32.Build.0 = Release|Win32
		{8BA7A614-EA64-4591-9119-4DB1E10B4AAC}.Release|x64.ActiveCfg = Release|x64
		{8BA7A614-EA64-4591-9119-4DB1E10B4AAC}.Release|x64.Build.0 = Release|x64
		{8BA7A614-EA64-4591-9119-4DB1E10B4AAC}.Shipping|Win32.ActiveCfg = Shipping|Win32
		{8BA7A614-EA64-4591-9119-4DB1E10B4AAC}.Shipping|Win32.Build.0 = Shipping|Win32
		{8BA7A614-EA64-4591-9119-4DB1E10B4AAC}.Shipping|x64.ActiveCfg = Shipping|x64
		{8BA7A614-EA64-4591-9119-4DB1E10B4AAC}.Shipping|x64.Build.0 = Shipping|x64
	EndGlobalSection
	GlobalSection(SolutionProperties) = preSolution
		HideSolutionNode = FALSE
	EndGlobalSection
	GlobalSection(NestedProjects) = preSolution
		{25AEF9DE-5353-4931-80E4-90E61B15B9A1} = {80F1108A-040C-4D85-9FB9-AF9CAD2E183E}
		{DB738211-B5AB-44CE-90BA-160F6262CF01} = {80F1108A-040C-4D85-9FB9-AF9CAD2E183E}
		{EF58423D-A088-4EF2-81DB-0B4B04184ED0} = {80F1108A-040C-4D85-9FB9-AF9CAD2E183E}
		{99336339-33AF-4057-90C6-BF13CABFA522} = {80F1108A-040C-4D85-9FB9-AF9CAD2E183E}
		{CCDF1982-A135-4826-8DB2-7AB5011CCD41} = {80F1108A-040C-4D85-9FB9-AF9CAD2E183E}
		{E8305549-A273-4D0E-9505-09862176E389} = {80F1108A-040C-4D85-9FB9-AF9CAD2E183E}
		{A09B416C-453D-49B1-A555-19BBB8F1F916} = {80F1108A-040C-4D85-9FB9-AF9CAD2E183E}
		{6E5AC457-2EC0-4F50-99FE-7C3DBAFE5E26} = {80F1108A-040C-4D85-9FB9-AF9CAD2E183E}
		{383C5BCD-A5D1-402A-95AB-C3D8CC45E3F2} = {80F1108A-040C-4D85-9FB9-AF9CAD2E183E}
		{2EC41F1F-10C7-4B0C-9019-D606232D5DBD} = {80F1108A-040C-4D85-9FB9-AF9CAD2E183E}
		{908EB209-17F4-49DB-B1EE-37DE5BDD4BFD} = {82691179-21C8-4DA4-B411-3E7E4A7E9C5E}
		{9974D321-042E-4E56-8924-AD0B2F94091B} = {82691179-21C8-4DA4-B411-3E7E4A7E9C5E}
		{39A9B3A9-6ADD-4908-9D7E-ABE5F7CE96E0} = {82691179-21C8-4DA4-B411-3E7E4A7E9C5E}
		{B030AB6D-360C-4C38-9DC1-85AF836757C3} = {82691179-21C8-4DA4-B411-3E7E4A7E9C5E}
		{3117C755-547A-45F4-AEB6-750BE4C299C2} = {80F1108A-040C-4D85-9FB9-AF9CAD2E183E}
		{A9E47AF4-2A59-4E54-ACE0-BD7DA0AF7CC7} = {82691179-21C8-4DA4-B411-3E7E4A7E9C5E}
		{FA5DE2CC-3E5B-4D2F-9BFB-96FD276A2E87} = {80F1108A-040C-4D85-9FB9-AF9CAD2E183E}
		{5CF363C0-9201-4316-9033-8A905AA49547} = {82691179-21C8-4DA4-B411-3E7E4A7E9C5E}
		{D49A1B83-39B0-43F0-A7F4-B3E7E156342D} = {80F1108A-040C-4D85-9FB9-AF9CAD2E183E}
		{46D10782-4194-4188-B196-C712F15F3B58} = {80F1108A-040C-4D85-9FB9-AF9CAD2E183E}
		{CC0D5FEF-3610-4494-BC8E-93CE90B40A80} = {82691179-21C8-4DA4-B411-3E7E4A7E9C5E}
		{A30AE7C5-FB84-4021-80C2-8CB02EFD12C5} = {80F1108A-040C-4D85-9FB9-AF9CAD2E183E}
		{D05B6E35-3C9F-45FC-B294-EF56D3DA7EAF} = {82691179-21C8-4DA4-B411-3E7E4A7E9C5E}
		{C5A87FD5-B615-498A-AA4B-38F1EF997D9D} = {80F1108A-040C-4D85-9FB9-AF9CAD2E183E}
		{C5EF4BE8-393A-4235-BB52-FA771C492ECB} = {80F1108A-040C-4D85-9FB9-AF9CAD2E183E}
		{EB5F8093-B994-4088-B019-D8506CCF159A} = {82691179-21C8-4DA4-B411-3E7E4A7E9C5E}
		{6450EC50-691A-4BD9-A17A-B5C7CEAD8F5E} = {80F1108A-040C-4D85-9FB9-AF9CAD2E183E}
	EndGlobalSection
EndGlobal
