<?xml version="1.0" encoding="utf-8"?>
<Project ToolsVersion="4.0" xmlns="http://schemas.microsoft.com/developer/msbuild/2003">
  <ItemGroup>
    <ClCompile Include="Source\D3D12Renderer\PrecompiledHeader.cpp" />
    <ClCompile Include="Source\D3D12Renderer\D3D12Defines.cpp" />
    <ClCompile Include="Source\D3D12Renderer\D3D12CVars.cpp" />
    <ClCompile Include="Source\D3D12Renderer\D3D12RenderBackend.cpp" />
    <ClCompile Include="Source\D3D12Renderer\D3D12GPUOutputBuffer.cpp" />
    <ClCompile Include="Source\D3D12Renderer\D3D12DescriptorHeap.cpp" />
    <ClCompile Include="Source\D3D12Renderer\D3D12GPUDevice.cpp" />
  </ItemGroup>
  <ItemGroup>
    <ClInclude Include="Source\D3D12Renderer\PrecompiledHeader.h" />
    <ClInclude Include="Source\D3D12Renderer\D3D12Defines.h" />
    <ClInclude Include="Source\D3D12Renderer\D3D12Common.h" />
    <ClInclude Include="Source\D3D12Renderer\D3D12CVars.h" />
    <ClInclude Include="Source\D3D12Renderer\D3D12RenderBackend.h" />
    <ClInclude Include="Source\D3D12Renderer\D3D12GPUOutputBuffer.h" />
    <ClInclude Include="Source\D3D12Renderer\D3D12DescriptorHeap.h" />
    <ClInclude Include="Source\D3D12Renderer\D3D12GPUDevice.h" />
  </ItemGroup>
</Project>