<?xml version="1.0" encoding="utf-8"?>
<Project ToolsVersion="4.0" xmlns="http://schemas.microsoft.com/developer/msbuild/2003">
  <ItemGroup>
    <ClCompile Include="Source\D3D12Renderer\PrecompiledHeader.cpp" />
    <ClCompile Include="Source\D3D12Renderer\D3D12CVars.cpp" />
    <ClCompile Include="Source\D3D12Renderer\D3D12RenderBackend.cpp" />
    <ClCompile Include="Source\D3D12Renderer\D3D12GPUOutputBuffer.cpp" />
    <ClCompile Include="Source\D3D12Renderer\D3D12DescriptorHeap.cpp" />
    <ClCompile Include="Source\D3D12Renderer\D3D12GPUDevice.cpp" />
    <ClCompile Include="Source\D3D12Renderer\D3D12GPUContext.cpp" />
    <ClCompile Include="Source\D3D12Renderer\D3D12GPUTexture.cpp" />
    <ClCompile Include="Source\D3D12Renderer\D3D12GPUQuery.cpp" />
    <ClCompile Include="Source\D3D12Renderer\D3D12GPUBuffer.cpp" />
    <ClCompile Include="Source\D3D12Renderer\D3D12GPUShaderProgram.cpp" />
    <ClCompile Include="Source\D3D12Renderer\D3D12Helpers.cpp" />
    <ClCompile Include="Source\D3D12Renderer\D3D12LinearHeaps.cpp" />
    <ClCompile Include="Source\D3D12Renderer\D3D12GPUCommandList.cpp" />
    <ClCompile Include="Source\D3D12Renderer\D3D12CommandQueue.cpp" />
  </ItemGroup>
  <ItemGroup>
    <ClInclude Include="Source\D3D12Renderer\PrecompiledHeader.h" />
    <ClInclude Include="Source\D3D12Renderer\D3D12Common.h" />
    <ClInclude Include="Source\D3D12Renderer\D3D12CVars.h" />
    <ClInclude Include="Source\D3D12Renderer\D3D12GPUOutputBuffer.h" />
    <ClInclude Include="Source\D3D12Renderer\D3D12DescriptorHeap.h" />
    <ClInclude Include="Source\D3D12Renderer\D3D12GPUDevice.h" />
    <ClInclude Include="Source\D3D12Renderer\D3D12GPUContext.h" />
    <ClInclude Include="Source\D3D12Renderer\D3D12GPUQuery.h" />
    <ClInclude Include="Source\D3D12Renderer\D3D12GPUTexture.h" />
    <ClInclude Include="Source\D3D12Renderer\D3D12GPUBuffer.h" />
    <ClInclude Include="Source\D3D12Renderer\D3D12GPUShaderProgram.h" />
    <ClInclude Include="Source\D3D12Renderer\D3D12Helpers.h" />
    <ClInclude Include="Source\D3D12Renderer\D3D12Defines.h" />
    <ClInclude Include="Source\D3D12Renderer\D3D12LinearHeaps.h" />
    <ClInclude Include="Source\D3D12Renderer\D3D12GPUCommandList.h" />
    <ClInclude Include="Source\D3D12Renderer\D3D12CommandQueue.h" />
  </ItemGroup>
</Project>