<?xml version="1.0" encoding="utf-8"?>
<Project ToolsVersion="4.0" xmlns="http://schemas.microsoft.com/developer/msbuild/2003">
  <ItemGroup>
    <ClCompile Include="Source\Editor\PrecompiledHeader.cpp" />
    <ClCompile Include="Source\Editor\Defines.cpp" />
    <ClCompile Include="Source\Editor\Editor.cpp" />
    <ClCompile Include="Source\Editor\EditorCVars.cpp" />
    <ClCompile Include="Source\Editor\EditorHelpers.cpp" />
    <ClCompile Include="Source\Editor\EditorIconLibrary.cpp" />
    <ClCompile Include="Source\Editor\EditorProgressDialog.cpp" />
    <ClCompile Include="Source\Editor\EditorPropertyEditorWidget.cpp" />
    <ClCompile Include="Source\Editor\EditorRendererSwapChainWidget.cpp" />
    <ClCompile Include="Source\Editor\EditorResourcePreviewGenerator.cpp" />
    <ClCompile Include="Source\Editor\EditorResourcePreviewWidget.cpp" />
    <ClCompile Include="Source\Editor\EditorResourceSaveDialog.cpp" />
    <ClCompile Include="Source\Editor\EditorResourceSelectionDialog.cpp" />
    <ClCompile Include="Source\Editor\EditorResourceSelectionDialogModel.cpp" />
    <ClCompile Include="Source\Editor\EditorResourceSelectionWidget.cpp" />
    <ClCompile Include="Source\Editor\EditorSettings.cpp" />
    <ClCompile Include="Source\Editor\EditorShaderGraphEditor.cpp" />
    <ClCompile Include="Source\Editor\EditorTest.cpp" />
    <ClCompile Include="Source\Editor\EditorTypes.cpp" />
    <ClCompile Include="Source\Editor\EditorViewController.cpp" />
    <ClCompile Include="Source\Editor\EditorVirtualFileSystemModel.cpp" />
    <ClCompile Include="Source\Editor\FlowLayout.cpp" />
    <ClCompile Include="Source\Editor\Main.cpp" />
    <ClCompile Include="Source\Editor\moc_Editor.cpp" />
    <ClCompile Include="Source\Editor\moc_EditorProgressDialog.cpp" />
    <ClCompile Include="Source\Editor\moc_EditorPropertyEditorWidget.cpp" />
    <ClCompile Include="Source\Editor\moc_EditorRendererSwapChainWidget.cpp" />
    <ClCompile Include="Source\Editor\moc_EditorResourcePreviewWidget.cpp" />
    <ClCompile Include="Source\Editor\moc_EditorResourceSaveDialog.cpp" />
    <ClCompile Include="Source\Editor\moc_EditorResourceSelectionDialog.cpp" />
    <ClCompile Include="Source\Editor\moc_EditorResourceSelectionDialogModel.cpp" />
    <ClCompile Include="Source\Editor\moc_EditorResourceSelectionWidget.cpp" />
    <ClCompile Include="Source\Editor\moc_EditorVirtualFileSystemModel.cpp" />
    <ClCompile Include="Source\Editor\rcc_Editor.cpp" />
    <ClCompile Include="Source\Editor\EditorBlockVolumeRenderProxy.cpp" />
    <ClCompile Include="Source\Editor\EditorLightSimulator.cpp" />
    <ClCompile Include="Source\Editor\EditorLightSimulatorControlWidget.cpp" />
    <ClCompile Include="Source\Editor\EditorPropertyEditorDialog.cpp" />
    <ClCompile Include="Source\Editor\moc_EditorPropertyEditorDialog.cpp" />
    <ClCompile Include="Source\Editor\EditorVectorEditWidget.cpp" />
    <ClCompile Include="Source\Editor\moc_EditorVectorEditWidget.cpp" />
    <ClCompile Include="Source\Editor\SimpleTreeModel.cpp" />
    <ClCompile Include="Source\Editor\moc_SimpleTreeModel.cpp" />
    <ClCompile Include="Source\Editor\ToolMenuWidget.cpp" />
    <ClCompile Include="Source\Editor\moc_ToolMenuWidget.cpp" />
    <ClCompile Include="Source\Editor\EditorVisualComponent.cpp" />
    <ClCompile Include="Source\Editor\EditorVisual.cpp" />
    <ClCompile Include="Source\Editor\ResourceBrowser\moc_EditorStaticMeshImportDialog.cpp">
      <Filter>ResourceBrowser</Filter>
    </ClCompile>
    <ClCompile Include="Source\Editor\ResourceBrowser\EditorStaticMeshImportDialog.cpp">
      <Filter>ResourceBrowser</Filter>
    </ClCompile>
    <ClCompile Include="Source\Editor\EditorProgressCallbacks.cpp" />
    <ClCompile Include="Source\Editor\ResourceBrowser\EditorResourceBrowserWidget.cpp">
      <Filter>ResourceBrowser</Filter>
    </ClCompile>
    <ClCompile Include="Source\Editor\ResourceBrowser\moc_EditorResourceBrowserWidget.cpp">
      <Filter>ResourceBrowser</Filter>
    </ClCompile>
    <ClCompile Include="Source\Editor\EditorScriptEditor.cpp" />
    <ClCompile Include="Source\Editor\moc_EditorScriptEditor.cpp" />
    <ClCompile Include="Source\Editor\BlockMeshEditor\moc_EditorBlockMeshEditor.cpp">
      <Filter>BlockMeshEditor</Filter>
    </ClCompile>
    <ClCompile Include="Source\Editor\BlockMeshEditor\EditorBlockMeshEditor.cpp">
      <Filter>BlockMeshEditor</Filter>
    </ClCompile>
    <ClCompile Include="Source\Editor\MapEditor\EditorEditMode.cpp">
      <Filter>MapEditor</Filter>
    </ClCompile>
    <ClCompile Include="Source\Editor\MapEditor\EditorEntityEditMode.cpp">
      <Filter>MapEditor</Filter>
    </ClCompile>
    <ClCompile Include="Source\Editor\MapEditor\EditorEntityIdWorldRenderer.cpp">
      <Filter>MapEditor</Filter>
    </ClCompile>
    <ClCompile Include="Source\Editor\MapEditor\EditorGeometryEditMode.cpp">
      <Filter>MapEditor</Filter>
    </ClCompile>
    <ClCompile Include="Source\Editor\MapEditor\EditorMap.cpp">
      <Filter>MapEditor</Filter>
    </ClCompile>
    <ClCompile Include="Source\Editor\MapEditor\EditorMapEditMode.cpp">
      <Filter>MapEditor</Filter>
    </ClCompile>
    <ClCompile Include="Source\Editor\MapEditor\EditorMapEntity.cpp">
      <Filter>MapEditor</Filter>
    </ClCompile>
    <ClCompile Include="Source\Editor\MapEditor\EditorMapViewport.cpp">
      <Filter>MapEditor</Filter>
    </ClCompile>
    <ClCompile Include="Source\Editor\MapEditor\EditorMapWindow.cpp">
      <Filter>MapEditor</Filter>
    </ClCompile>
    <ClCompile Include="Source\Editor\MapEditor\EditorTerrainEditMode.cpp">
      <Filter>MapEditor</Filter>
    </ClCompile>
    <ClCompile Include="Source\Editor\MapEditor\EditorWorldOutlinerWidget.cpp">
      <Filter>MapEditor</Filter>
    </ClCompile>
    <ClCompile Include="Source\Editor\MapEditor\moc_EditorCreateTerrainDialog.cpp">
      <Filter>MapEditor</Filter>
    </ClCompile>
    <ClCompile Include="Source\Editor\MapEditor\moc_EditorEditMode.cpp">
      <Filter>MapEditor</Filter>
    </ClCompile>
    <ClCompile Include="Source\Editor\MapEditor\moc_EditorEntityEditMode.cpp">
      <Filter>MapEditor</Filter>
    </ClCompile>
    <ClCompile Include="Source\Editor\MapEditor\moc_EditorGeometryEditMode.cpp">
      <Filter>MapEditor</Filter>
    </ClCompile>
    <ClCompile Include="Source\Editor\MapEditor\moc_EditorMapEditMode.cpp">
      <Filter>MapEditor</Filter>
    </ClCompile>
    <ClCompile Include="Source\Editor\MapEditor\moc_EditorMapViewport.cpp">
      <Filter>MapEditor</Filter>
    </ClCompile>
    <ClCompile Include="Source\Editor\MapEditor\moc_EditorMapWindow.cpp">
      <Filter>MapEditor</Filter>
    </ClCompile>
    <ClCompile Include="Source\Editor\MapEditor\moc_EditorTerrainEditMode.cpp">
      <Filter>MapEditor</Filter>
    </ClCompile>
    <ClCompile Include="Source\Editor\MapEditor\moc_EditorWorldOutlinerWidget.cpp">
      <Filter>MapEditor</Filter>
    </ClCompile>
    <ClCompile Include="Source\Editor\MapEditor\EditorCreateTerrainDialog.cpp">
      <Filter>MapEditor</Filter>
    </ClCompile>
    <ClCompile Include="Source\Editor\MaterialEditor\EditorMaterialEditor.cpp">
      <Filter>MaterialEditor</Filter>
    </ClCompile>
    <ClCompile Include="Source\Editor\MaterialShaderEditor\EditorMaterialShaderEditor.cpp">
      <Filter>MaterialShaderEditor</Filter>
    </ClCompile>
    <ClCompile Include="Source\Editor\SkeletalAnimationEditor\EditorSkeletalAnimationEditor.cpp">
      <Filter>SkeletalAnimationEditor</Filter>
    </ClCompile>
    <ClCompile Include="Source\Editor\SkeletalAnimationEditor\moc_EditorSkeletalAnimationEditor.cpp">
      <Filter>SkeletalAnimationEditor</Filter>
    </ClCompile>
    <ClCompile Include="Source\Editor\SkeletalMeshEditor\moc_EditorSkeletalMeshEditor.cpp">
      <Filter>SkeletalMeshEditor</Filter>
    </ClCompile>
    <ClCompile Include="Source\Editor\SkeletalMeshEditor\EditorSkeletalMeshEditor.cpp">
      <Filter>SkeletalMeshEditor</Filter>
    </ClCompile>
    <ClCompile Include="Source\Editor\StaticMeshEditor\moc_EditorStaticMeshEditor.cpp">
      <Filter>StaticMeshEditor</Filter>
    </ClCompile>
    <ClCompile Include="Source\Editor\StaticMeshEditor\EditorStaticMeshEditor.cpp">
      <Filter>StaticMeshEditor</Filter>
    </ClCompile>
  </ItemGroup>
  <ItemGroup>
    <Filter Include="MapEditor">
      <UniqueIdentifier>{13a3e60c-6d2a-4fe2-b72a-a0ae6405b517}</UniqueIdentifier>
    </Filter>
    <Filter Include="BlockMeshEditor">
      <UniqueIdentifier>{07e967f1-626d-4579-b93d-5d81413d5cbc}</UniqueIdentifier>
    </Filter>
    <Filter Include="MaterialEditor">
      <UniqueIdentifier>{4ed2f6bf-ebf7-455a-8927-1b97985e9dff}</UniqueIdentifier>
    </Filter>
    <Filter Include="MaterialShaderEditor">
      <UniqueIdentifier>{904d39b9-4e55-4e12-a652-f0bb0d832ae5}</UniqueIdentifier>
    </Filter>
    <Filter Include="StaticMeshEditor">
      <UniqueIdentifier>{87efcfa7-df5e-4194-9595-4ff4b04f3f0c}</UniqueIdentifier>
    </Filter>
    <Filter Include="SkeletalAnimationEditor">
      <UniqueIdentifier>{4ff830c9-d9e4-4576-849a-3ff44e02a9b5}</UniqueIdentifier>
    </Filter>
    <Filter Include="SkeletalMeshEditor">
      <UniqueIdentifier>{eb6fda29-6ef7-4a70-8d45-ae84d0c8b054}</UniqueIdentifier>
    </Filter>
    <Filter Include="ResourceBrowser">
      <UniqueIdentifier>{a011b52c-e30a-4139-aabe-1829e8739b0c}</UniqueIdentifier>
    </Filter>
  </ItemGroup>
  <ItemGroup>
    <ClInclude Include="Source\Editor\PrecompiledHeader.h" />
    <ClInclude Include="Source\Editor\Defines.h" />
    <ClInclude Include="Source\Editor\Editor.h" />
    <ClInclude Include="Source\Editor\EditorCVars.h" />
    <ClInclude Include="Source\Editor\EditorHelpers.h" />
    <ClInclude Include="Source\Editor\EditorIconLibrary.h" />
    <ClInclude Include="Source\Editor\EditorProgressDialog.h" />
    <ClInclude Include="Source\Editor\EditorPropertyEditorWidget.h" />
    <ClInclude Include="Source\Editor\EditorRendererSwapChainWidget.h" />
    <ClInclude Include="Source\Editor\EditorResourcePreviewGenerator.h" />
    <ClInclude Include="Source\Editor\EditorResourcePreviewWidget.h" />
    <ClInclude Include="Source\Editor\EditorResourceSaveDialog.h" />
    <ClInclude Include="Source\Editor\EditorResourceSelectionDialog.h" />
    <ClInclude Include="Source\Editor\EditorResourceSelectionDialogModel.h" />
    <ClInclude Include="Source\Editor\EditorResourceSelectionWidget.h" />
    <ClInclude Include="Source\Editor\EditorSettings.h" />
    <ClInclude Include="Source\Editor\EditorShaderGraphEditor.h" />
    <ClInclude Include="Source\Editor\EditorViewController.h" />
    <ClInclude Include="Source\Editor\EditorVirtualFileSystemModel.h" />
    <ClInclude Include="Source\Editor\FlowLayout.h" />
    <ClInclude Include="Source\Editor\ui_EditorProgressDialog.h" />
    <ClInclude Include="Source\Editor\ui_EditorResourcePreviewWidget.h" />
    <ClInclude Include="Source\Editor\Common.h" />
    <ClInclude Include="Source\Editor\EditorBlockVolumeRenderProxy.h" />
    <ClInclude Include="Source\Editor\EditorLightSimulator.h" />
    <ClInclude Include="Source\Editor\EditorLightSimulatorControlWidget.h" />
    <ClInclude Include="Source\Editor\EditorPropertyEditorDialog.h" />
    <ClInclude Include="Source\Editor\EditorVectorEditWidget.h" />
    <ClInclude Include="Source\Editor\SignalBlocker.h" />
    <ClInclude Include="Source\Editor\SimpleTreeModel.h" />
    <ClInclude Include="Source\Editor\ToolMenuWidget.h" />
    <ClInclude Include="Source\Editor\EditorVisualComponent.h" />
    <ClInclude Include="Source\Editor\EditorVisual.h" />
    <ClInclude Include="Source\Editor\ResourceBrowser\EditorStaticMeshImportDialog.h">
      <Filter>ResourceBrowser</Filter>
    </ClInclude>
    <ClInclude Include="Source\Editor\ResourceBrowser\ui_EditorStaticMeshImportDialog.h">
      <Filter>ResourceBrowser</Filter>
    </ClInclude>
    <ClInclude Include="Source\Editor\EditorProgressCallbacks.h" />
    <ClInclude Include="Source\Editor\ResourceBrowser\EditorResourceBrowserWidget.h">
      <Filter>ResourceBrowser</Filter>
    </ClInclude>
    <ClInclude Include="Source\Editor\EditorScriptEditor.h" />
    <ClInclude Include="Source\Editor\BlockMeshEditor\EditorBlockMeshEditor.h">
      <Filter>BlockMeshEditor</Filter>
    </ClInclude>
    <ClInclude Include="Source\Editor\BlockMeshEditor\ui_EditorBlockMeshEditor.h">
      <Filter>BlockMeshEditor</Filter>
    </ClInclude>
    <ClInclude Include="Source\Editor\MapEditor\EditorCreateTerrainDialog.h">
      <Filter>MapEditor</Filter>
    </ClInclude>
    <ClInclude Include="Source\Editor\MapEditor\EditorEditMode.h">
      <Filter>MapEditor</Filter>
    </ClInclude>
    <ClInclude Include="Source\Editor\MapEditor\EditorEntityEditMode.h">
      <Filter>MapEditor</Filter>
    </ClInclude>
    <ClInclude Include="Source\Editor\MapEditor\EditorEntityIdWorldRenderer.h">
      <Filter>MapEditor</Filter>
    </ClInclude>
    <ClInclude Include="Source\Editor\MapEditor\EditorGeometryEditMode.h">
      <Filter>MapEditor</Filter>
    </ClInclude>
    <ClInclude Include="Source\Editor\MapEditor\EditorMap.h">
      <Filter>MapEditor</Filter>
    </ClInclude>
    <ClInclude Include="Source\Editor\MapEditor\EditorMapEditMode.h">
      <Filter>MapEditor</Filter>
    </ClInclude>
    <ClInclude Include="Source\Editor\MapEditor\EditorMapEntity.h">
      <Filter>MapEditor</Filter>
    </ClInclude>
    <ClInclude Include="Source\Editor\MapEditor\EditorMapViewport.h">
      <Filter>MapEditor</Filter>
    </ClInclude>
    <ClInclude Include="Source\Editor\MapEditor\EditorMapWindow.h">
      <Filter>MapEditor</Filter>
    </ClInclude>
    <ClInclude Include="Source\Editor\MapEditor\EditorTerrainEditMode.h">
      <Filter>MapEditor</Filter>
    </ClInclude>
    <ClInclude Include="Source\Editor\MapEditor\EditorWorldOutlinerWidget.h">
      <Filter>MapEditor</Filter>
    </ClInclude>
    <ClInclude Include="Source\Editor\MapEditor\ui_EditorCreateTerrainDialog.h">
      <Filter>MapEditor</Filter>
    </ClInclude>
    <ClInclude Include="Source\Editor\MapEditor\ui_EditorMapViewport.h">
      <Filter>MapEditor</Filter>
    </ClInclude>
    <ClInclude Include="Source\Editor\MapEditor\ui_EditorMapWindow.h">
      <Filter>MapEditor</Filter>
    </ClInclude>
    <ClInclude Include="Source\Editor\MaterialEditor\EditorMaterialEditor.h">
      <Filter>MaterialEditor</Filter>
    </ClInclude>
    <ClInclude Include="Source\Editor\MaterialShaderEditor\EditorMaterialShaderEditor.h">
      <Filter>MaterialShaderEditor</Filter>
    </ClInclude>
    <ClInclude Include="Source\Editor\SkeletalAnimationEditor\ui_EditorSkeletalAnimationEditor.h">
      <Filter>SkeletalAnimationEditor</Filter>
    </ClInclude>
    <ClInclude Include="Source\Editor\SkeletalAnimationEditor\EditorSkeletalAnimationEditor.h">
      <Filter>SkeletalAnimationEditor</Filter>
    </ClInclude>
    <ClInclude Include="Source\Editor\SkeletalMeshEditor\EditorSkeletalMeshEditor.h">
      <Filter>SkeletalMeshEditor</Filter>
    </ClInclude>
    <ClInclude Include="Source\Editor\SkeletalMeshEditor\ui_EditorSkeletalMeshEditor.h">
      <Filter>SkeletalMeshEditor</Filter>
    </ClInclude>
    <ClInclude Include="Source\Editor\StaticMeshEditor\EditorStaticMeshEditor.h">
      <Filter>StaticMeshEditor</Filter>
    </ClInclude>
    <ClInclude Include="Source\Editor\StaticMeshEditor\ui_EditorStaticMeshEditor.h">
      <Filter>StaticMeshEditor</Filter>
    </ClInclude>
  </ItemGroup>
</Project>